// !$*UTF8*$!
{
	archiveVersion = 1;
	classes = {
	};
	objectVersion = 46;
	objects = {

/* Begin PBXBuildFile section */
		EF6044971E66B7000051C810 /* AppDelegate.swift in Sources */ = {isa = PBXBuildFile; fileRef = EF6044961E66B7000051C810 /* AppDelegate.swift */; };
		EF60449C1E66B7000051C810 /* Main.storyboard in Resources */ = {isa = PBXBuildFile; fileRef = EF60449A1E66B7000051C810 /* Main.storyboard */; };
		EF60449E1E66B7000051C810 /* Assets.xcassets in Resources */ = {isa = PBXBuildFile; fileRef = EF60449D1E66B7000051C810 /* Assets.xcassets */; };
		EF6044A11E66B7000051C810 /* LaunchScreen.storyboard in Resources */ = {isa = PBXBuildFile; fileRef = EF60449F1E66B7000051C810 /* LaunchScreen.storyboard */; };
		EF6044A91E66B7360051C810 /* RestaurantTableViewController.swift in Sources */ = {isa = PBXBuildFile; fileRef = EF6044A81E66B7360051C810 /* RestaurantTableViewController.swift */; };
		EF6044AB1E66B7A40051C810 /* RestaurantTableViewCell.swift in Sources */ = {isa = PBXBuildFile; fileRef = EF6044AA1E66B7A40051C810 /* RestaurantTableViewCell.swift */; };
/* End PBXBuildFile section */

/* Begin PBXFileReference section */
		EF6044931E66B7000051C810 /* FoodPin2.app */ = {isa = PBXFileReference; explicitFileType = wrapper.application; includeInIndex = 0; path = FoodPin2.app; sourceTree = BUILT_PRODUCTS_DIR; };
		EF6044961E66B7000051C810 /* AppDelegate.swift */ = {isa = PBXFileReference; lastKnownFileType = sourcecode.swift; path = AppDelegate.swift; sourceTree = "<group>"; };
		EF60449B1E66B7000051C810 /* Base */ = {isa = PBXFileReference; lastKnownFileType = file.storyboard; name = Base; path = Base.lproj/Main.storyboard; sourceTree = "<group>"; };
		EF60449D1E66B7000051C810 /* Assets.xcassets */ = {isa = PBXFileReference; lastKnownFileType = folder.assetcatalog; path = Assets.xcassets; sourceTree = "<group>"; };
		EF6044A01E66B7000051C810 /* Base */ = {isa = PBXFileReference; lastKnownFileType = file.storyboard; name = Base; path = Base.lproj/LaunchScreen.storyboard; sourceTree = "<group>"; };
		EF6044A21E66B7000051C810 /* Info.plist */ = {isa = PBXFileReference; lastKnownFileType = text.plist.xml; path = Info.plist; sourceTree = "<group>"; };
		EF6044A81E66B7360051C810 /* RestaurantTableViewController.swift */ = {isa = PBXFileReference; fileEncoding = 4; lastKnownFileType = sourcecode.swift; path = RestaurantTableViewController.swift; sourceTree = "<group>"; };
		EF6044AA1E66B7A40051C810 /* RestaurantTableViewCell.swift */ = {isa = PBXFileReference; fileEncoding = 4; lastKnownFileType = sourcecode.swift; path = RestaurantTableViewCell.swift; sourceTree = "<group>"; };
/* End PBXFileReference section */

/* Begin PBXFrameworksBuildPhase section */
		EF6044901E66B7000051C810 /* Frameworks */ = {
			isa = PBXFrameworksBuildPhase;
			buildActionMask = 2147483647;
			files = (
			);
			runOnlyForDeploymentPostprocessing = 0;
		};
/* End PBXFrameworksBuildPhase section */

/* Begin PBXGroup section */
		EF60448A1E66B7000051C810 = {
			isa = PBXGroup;
			children = (
				EF6044951E66B7000051C810 /* FoodPin2 */,
				EF6044941E66B7000051C810 /* Products */,
			);
			sourceTree = "<group>";
		};
		EF6044941E66B7000051C810 /* Products */ = {
			isa = PBXGroup;
			children = (
				EF6044931E66B7000051C810 /* FoodPin2.app */,
			);
			name = Products;
			sourceTree = "<group>";
		};
		EF6044951E66B7000051C810 /* FoodPin2 */ = {
			isa = PBXGroup;
			children = (
				EF6044961E66B7000051C810 /* AppDelegate.swift */,
				EF60449A1E66B7000051C810 /* Main.storyboard */,
				EF60449D1E66B7000051C810 /* Assets.xcassets */,
				EF60449F1E66B7000051C810 /* LaunchScreen.storyboard */,
				EF6044A21E66B7000051C810 /* Info.plist */,
				EF6044A81E66B7360051C810 /* RestaurantTableViewController.swift */,
				EF6044AA1E66B7A40051C810 /* RestaurantTableViewCell.swift */,
			);
			path = FoodPin2;
			sourceTree = "<group>";
		};
/* End PBXGroup section */

/* Begin PBXNativeTarget section */
		EF6044921E66B7000051C810 /* FoodPin2 */ = {
			isa = PBXNativeTarget;
			buildConfigurationList = EF6044A51E66B7000051C810 /* Build configuration list for PBXNativeTarget "FoodPin2" */;
			buildPhases = (
				EF60448F1E66B7000051C810 /* Sources */,
				EF6044901E66B7000051C810 /* Frameworks */,
				EF6044911E66B7000051C810 /* Resources */,
			);
			buildRules = (
			);
			dependencies = (
			);
			name = FoodPin2;
			productName = FoodPin2;
			productReference = EF6044931E66B7000051C810 /* FoodPin2.app */;
			productType = "com.apple.product-type.application";
		};
/* End PBXNativeTarget section */

/* Begin PBXProject section */
		EF60448B1E66B7000051C810 /* Project object */ = {
			isa = PBXProject;
			attributes = {
				LastSwiftUpdateCheck = 0820;
				LastUpgradeCheck = 0820;
				ORGANIZATIONNAME = andyron;
				TargetAttributes = {
					EF6044921E66B7000051C810 = {
						CreatedOnToolsVersion = 8.2.1;
						DevelopmentTeam = ZHNA975N38;
						ProvisioningStyle = Automatic;
					};
				};
			};
			buildConfigurationList = EF60448E1E66B7000051C810 /* Build configuration list for PBXProject "FoodPin2" */;
			compatibilityVersion = "Xcode 3.2";
			developmentRegion = English;
			hasScannedForEncodings = 0;
			knownRegions = (
				en,
				Base,
			);
			mainGroup = EF60448A1E66B7000051C810;
			productRefGroup = EF6044941E66B7000051C810 /* Products */;
			projectDirPath = "";
			projectRoot = "";
			targets = (
				EF6044921E66B7000051C810 /* FoodPin2 */,
			);
		};
/* End PBXProject section */

/* Begin PBXResourcesBuildPhase section */
		EF6044911E66B7000051C810 /* Resources */ = {
			isa = PBXResourcesBuildPhase;
			buildActionMask = 2147483647;
			files = (
				EF6044A11E66B7000051C810 /* LaunchScreen.storyboard in Resources */,
				EF60449E1E66B7000051C810 /* Assets.xcassets in Resources */,
				EF60449C1E66B7000051C810 /* Main.storyboard in Resources */,
			);
			runOnlyForDeploymentPostprocessing = 0;
		};
/* End PBXResourcesBuildPhase section */

/* Begin PBXSourcesBuildPhase section */
		EF60448F1E66B7000051C810 /* Sources */ = {
			isa = PBXSourcesBuildPhase;
			buildActionMask = 2147483647;
			files = (
				EF6044A91E66B7360051C810 /* RestaurantTableViewController.swift in Sources */,
				EF6044AB1E66B7A40051C810 /* RestaurantTableViewCell.swift in Sources */,
				EF6044971E66B7000051C810 /* AppDelegate.swift in Sources */,
			);
			runOnlyForDeploymentPostprocessing = 0;
		};
/* End PBXSourcesBuildPhase section */

/* Begin PBXVariantGroup section */
		EF60449A1E66B7000051C810 /* Main.storyboard */ = {
			isa = PBXVariantGroup;
			children = (
				EF60449B1E66B7000051C810 /* Base */,
			);
			name = Main.storyboard;
			sourceTree = "<group>";
		};
		EF60449F1E66B7000051C810 /* LaunchScreen.storyboard */ = {
			isa = PBXVariantGroup;
			children = (
				EF6044A01E66B7000051C810 /* Base */,
			);
			name = LaunchScreen.storyboard;
			sourceTree = "<group>";
		};
/* End PBXVariantGroup section */

/* Begin XCBuildConfiguration section */
		EF6044A31E66B7000051C810 /* Debug */ = {
			isa = XCBuildConfiguration;
			buildSettings = {
				ALWAYS_SEARCH_USER_PATHS = NO;
				CLANG_ANALYZER_NONNULL = YES;
				CLANG_CXX_LANGUAGE_STANDARD = "gnu++0x";
				CLANG_CXX_LIBRARY = "libc++";
				CLANG_ENABLE_MODULES = YES;
				CLANG_ENABLE_OBJC_ARC = YES;
				CLANG_WARN_BOOL_CONVERSION = YES;
				CLANG_WARN_CONSTANT_CONVERSION = YES;
				CLANG_WARN_DIRECT_OBJC_ISA_USAGE = YES_ERROR;
				CLANG_WARN_DOCUMENTATION_COMMENTS = YES;
				CLANG_WARN_EMPTY_BODY = YES;
				CLANG_WARN_ENUM_CONVERSION = YES;
				CLANG_WARN_INFINITE_RECURSION = YES;
				CLANG_WARN_INT_CONVERSION = YES;
				CLANG_WARN_OBJC_ROOT_CLASS = YES_ERROR;
				CLANG_WARN_SUSPICIOUS_MOVE = YES;
				CLANG_WARN_UNREACHABLE_CODE = YES;
				CLANG_WARN__DUPLICATE_METHOD_MATCH = YES;
				"CODE_SIGN_IDENTITY[sdk=iphoneos*]" = "iPhone Developer";
				COPY_PHASE_STRIP = NO;
				DEBUG_INFORMATION_FORMAT = dwarf;
				ENABLE_STRICT_OBJC_MSGSEND = YES;
				ENABLE_TESTABILITY = YES;
				GCC_C_LANGUAGE_STANDARD = gnu99;
				GCC_DYNAMIC_NO_PIC = NO;
				GCC_NO_COMMON_BLOCKS = YES;
				GCC_OPTIMIZATION_LEVEL = 0;
				GCC_PREPROCESSOR_DEFINITIONS = (
					"DEBUG=1",
					"$(inherited)",
				);
				GCC_WARN_64_TO_32_BIT_CONVERSION = YES;
				GCC_WARN_ABOUT_RETURN_TYPE = YES_ERROR;
				GCC_WARN_UNDECLARED_SELECTOR = YES;
				GCC_WARN_UNINITIALIZED_AUTOS = YES_AGGRESSIVE;
				GCC_WARN_UNUSED_FUNCTION = YES;
				GCC_WARN_UNUSED_VARIABLE = YES;
				IPHONEOS_DEPLOYMENT_TARGET = 10.2;
				MTL_ENABLE_DEBUG_INFO = YES;
				ONLY_ACTIVE_ARCH = YES;
				SDKROOT = iphoneos;
				SWIFT_ACTIVE_COMPILATION_CONDITIONS = DEBUG;
				SWIFT_OPTIMIZATION_LEVEL = "-Onone";
			};
			name = Debug;
		};
		EF6044A41E66B7000051C810 /* Release */ = {
			isa = XCBuildConfiguration;
			buildSettings = {
				ALWAYS_SEARCH_USER_PATHS = NO;
				CLANG_ANALYZER_NONNULL = YES;
				CLANG_CXX_LANGUAGE_STANDARD = "gnu++0x";
				CLANG_CXX_LIBRARY = "libc++";
				CLANG_ENABLE_MODULES = YES;
				CLANG_ENABLE_OBJC_ARC = YES;
				CLANG_WARN_BOOL_CONVERSION = YES;
				CLANG_WARN_CONSTANT_CONVERSION = YES;
				CLANG_WARN_DIRECT_OBJC_ISA_USAGE = YES_ERROR;
				CLANG_WARN_DOCUMENTATION_COMMENTS = YES;
				CLANG_WARN_EMPTY_BODY = YES;
				CLANG_WARN_ENUM_CONVERSION = YES;
				CLANG_WARN_INFINITE_RECURSION = YES;
				CLANG_WARN_INT_CONVERSION = YES;
				CLANG_WARN_OBJC_ROOT_CLASS = YES_ERROR;
				CLANG_WARN_SUSPICIOUS_MOVE = YES;
				CLANG_WARN_UNREACHABLE_CODE = YES;
				CLANG_WARN__DUPLICATE_METHOD_MATCH = YES;
				"CODE_SIGN_IDENTITY[sdk=iphoneos*]" = "iPhone Developer";
				COPY_PHASE_STRIP = NO;
				DEBUG_INFORMATION_FORMAT = "dwarf-with-dsym";
				ENABLE_NS_ASSERTIONS = NO;
				ENABLE_STRICT_OBJC_MSGSEND = YES;
				GCC_C_LANGUAGE_STANDARD = gnu99;
				GCC_NO_COMMON_BLOCKS = YES;
				GCC_WARN_64_TO_32_BIT_CONVERSION = YES;
				GCC_WARN_ABOUT_RETURN_TYPE = YES_ERROR;
				GCC_WARN_UNDECLARED_SELECTOR = YES;
				GCC_WARN_UNINITIALIZED_AUTOS = YES_AGGRESSIVE;
				GCC_WARN_UNUSED_FUNCTION = YES;
				GCC_WARN_UNUSED_VARIABLE = YES;
				IPHONEOS_DEPLOYMENT_TARGET = 10.2;
				MTL_ENABLE_DEBUG_INFO = NO;
				SDKROOT = iphoneos;
				SWIFT_OPTIMIZATION_LEVEL = "-Owholemodule";
				VALIDATE_PRODUCT = YES;
			};
			name = Release;
		};
		EF6044A61E66B7000051C810 /* Debug */ = {
			isa = XCBuildConfiguration;
			buildSettings = {
				ASSETCATALOG_COMPILER_APPICON_NAME = AppIcon;
				DEVELOPMENT_TEAM = ZHNA975N38;
				INFOPLIST_FILE = FoodPin2/Info.plist;
				LD_RUNPATH_SEARCH_PATHS = "$(inherited) @executable_path/Frameworks";
				PRODUCT_BUNDLE_IDENTIFIER = cn.andyron.FoodPin2;
				PRODUCT_NAME = "$(TARGET_NAME)";
				SWIFT_VERSION = 3.0;
			};
			name = Debug;
		};
		EF6044A71E66B7000051C810 /* Release */ = {
			isa = XCBuildConfiguration;
			buildSettings = {
				ASSETCATALOG_COMPILER_APPICON_NAME = AppIcon;
				DEVELOPMENT_TEAM = ZHNA975N38;
				INFOPLIST_FILE = FoodPin2/Info.plist;
				LD_RUNPATH_SEARCH_PATHS = "$(inherited) @executable_path/Frameworks";
				PRODUCT_BUNDLE_IDENTIFIER = cn.andyron.FoodPin2;
				PRODUCT_NAME = "$(TARGET_NAME)";
				SWIFT_VERSION = 3.0;
			};
			name = Release;
		};
/* End XCBuildConfiguration section */

/* Begin XCConfigurationList section */
		EF60448E1E66B7000051C810 /* Build configuration list for PBXProject "FoodPin2" */ = {
			isa = XCConfigurationList;
			buildConfigurations = (
				EF6044A31E66B7000051C810 /* Debug */,
				EF6044A41E66B7000051C810 /* Release */,
			);
			defaultConfigurationIsVisible = 0;
			defaultConfigurationName = Release;
		};
		EF6044A51E66B7000051C810 /* Build configuration list for PBXNativeTarget "FoodPin2" */ = {
			isa = XCConfigurationList;
			buildConfigurations = (
				EF6044A61E66B7000051C810 /* Debug */,
				EF6044A71E66B7000051C810 /* Release */,
			);
			defaultConfigurationIsVisible = 0;
		};
/* End XCConfigurationList section */
	};
	rootObject = EF60448B1E66B7000051C810 /* Project object */;
}
