// !$*UTF8*$!
{
	archiveVersion = 1;
	classes = {
	};
	objectVersion = 46;
	objects = {

/* Begin PBXBuildFile section */
		EF5145581D6D16A8008BD4B4 /* AppDelegate.swift in Sources */ = {isa = PBXBuildFile; fileRef = EF5145571D6D16A8008BD4B4 /* AppDelegate.swift */; };
		EF51455A1D6D16A8008BD4B4 /* ViewController.swift in Sources */ = {isa = PBXBuildFile; fileRef = EF5145591D6D16A8008BD4B4 /* ViewController.swift */; };
		EF51455D1D6D16A8008BD4B4 /* Main.storyboard in Resources */ = {isa = PBXBuildFile; fileRef = EF51455B1D6D16A8008BD4B4 /* Main.storyboard */; };
		EF51455F1D6D16A8008BD4B4 /* Assets.xcassets in Resources */ = {isa = PBXBuildFile; fileRef = EF51455E1D6D16A8008BD4B4 /* Assets.xcassets */; };
		EF5145621D6D16A8008BD4B4 /* LaunchScreen.storyboard in Resources */ = {isa = PBXBuildFile; fileRef = EF5145601D6D16A8008BD4B4 /* LaunchScreen.storyboard */; };
		EF5145731D6D16FA008BD4B4 /* archery.gif in Resources */ = {isa = PBXBuildFile; fileRef = EF51456A1D6D16FA008BD4B4 /* archery.gif */; };
		EF5145741D6D16FA008BD4B4 /* athletics.gif in Resources */ = {isa = PBXBuildFile; fileRef = EF51456B1D6D16FA008BD4B4 /* athletics.gif */; };
		EF5145751D6D16FA008BD4B4 /* badminton.gif in Resources */ = {isa = PBXBuildFile; fileRef = EF51456C1D6D16FA008BD4B4 /* badminton.gif */; };
		EF5145761D6D16FA008BD4B4 /* basketball.gif in Resources */ = {isa = PBXBuildFile; fileRef = EF51456D1D6D16FA008BD4B4 /* basketball.gif */; };
		EF5145771D6D16FA008BD4B4 /* beach-volleyball.gif in Resources */ = {isa = PBXBuildFile; fileRef = EF51456E1D6D16FA008BD4B4 /* beach-volleyball.gif */; };
		EF5145781D6D16FA008BD4B4 /* boxing.gif in Resources */ = {isa = PBXBuildFile; fileRef = EF51456F1D6D16FA008BD4B4 /* boxing.gif */; };
		EF5145791D6D16FA008BD4B4 /* canoe-slalom.gif in Resources */ = {isa = PBXBuildFile; fileRef = EF5145701D6D16FA008BD4B4 /* canoe-slalom.gif */; };
		EF51457A1D6D16FA008BD4B4 /* canoe-sprint.gif in Resources */ = {isa = PBXBuildFile; fileRef = EF5145711D6D16FA008BD4B4 /* canoe-sprint.gif */; };
		EF51457B1D6D16FA008BD4B4 /* events.plist in Resources */ = {isa = PBXBuildFile; fileRef = EF5145721D6D16FA008BD4B4 /* events.plist */; };
		EF51457D1D6D18EF008BD4B4 /* EventCollectionView.swift in Sources */ = {isa = PBXBuildFile; fileRef = EF51457C1D6D18EF008BD4B4 /* EventCollectionView.swift */; };
		EFE76F041D71149F007960C2 /* AppDelegate.swift in Sources */ = {isa = PBXBuildFile; fileRef = EFE76F031D71149F007960C2 /* AppDelegate.swift */; };
		EFE76F0B1D71149F007960C2 /* Assets.xcassets in Resources */ = {isa = PBXBuildFile; fileRef = EFE76F0A1D71149F007960C2 /* Assets.xcassets */; };
		EFE76F0E1D71149F007960C2 /* LaunchScreen.storyboard in Resources */ = {isa = PBXBuildFile; fileRef = EFE76F0C1D71149F007960C2 /* LaunchScreen.storyboard */; };
		EFE76F141D71165F007960C2 /* ViewController.swift in Sources */ = {isa = PBXBuildFile; fileRef = EFE76F131D71165F007960C2 /* ViewController.swift */; };
		EFE76F181D713D9D007960C2 /* EventCollectionViewCell.swift in Sources */ = {isa = PBXBuildFile; fileRef = EFE76F171D713D9D007960C2 /* EventCollectionViewCell.swift */; };
		EFE76F231D713EE3007960C2 /* archery.gif in Resources */ = {isa = PBXBuildFile; fileRef = EFE76F1A1D713EE3007960C2 /* archery.gif */; };
		EFE76F241D713EE3007960C2 /* athletics.gif in Resources */ = {isa = PBXBuildFile; fileRef = EFE76F1B1D713EE3007960C2 /* athletics.gif */; };
		EFE76F251D713EE3007960C2 /* badminton.gif in Resources */ = {isa = PBXBuildFile; fileRef = EFE76F1C1D713EE3007960C2 /* badminton.gif */; };
		EFE76F261D713EE3007960C2 /* basketball.gif in Resources */ = {isa = PBXBuildFile; fileRef = EFE76F1D1D713EE3007960C2 /* basketball.gif */; };
		EFE76F271D713EE3007960C2 /* beach-volleyball.gif in Resources */ = {isa = PBXBuildFile; fileRef = EFE76F1E1D713EE3007960C2 /* beach-volleyball.gif */; };
		EFE76F281D713EE3007960C2 /* boxing.gif in Resources */ = {isa = PBXBuildFile; fileRef = EFE76F1F1D713EE3007960C2 /* boxing.gif */; };
		EFE76F291D713EE3007960C2 /* canoe-slalom.gif in Resources */ = {isa = PBXBuildFile; fileRef = EFE76F201D713EE3007960C2 /* canoe-slalom.gif */; };
		EFE76F2A1D713EE3007960C2 /* canoe-sprint.gif in Resources */ = {isa = PBXBuildFile; fileRef = EFE76F211D713EE3007960C2 /* canoe-sprint.gif */; };
		EFE76F2B1D713EE3007960C2 /* events.plist in Resources */ = {isa = PBXBuildFile; fileRef = EFE76F221D713EE3007960C2 /* events.plist */; };
/* End PBXBuildFile section */

/* Begin PBXFileReference section */
		EF5145541D6D16A8008BD4B4 /* CollectionViewSimple.app */ = {isa = PBXFileReference; explicitFileType = wrapper.application; includeInIndex = 0; path = CollectionViewSimple.app; sourceTree = BUILT_PRODUCTS_DIR; };
		EF5145571D6D16A8008BD4B4 /* AppDelegate.swift */ = {isa = PBXFileReference; lastKnownFileType = sourcecode.swift; path = AppDelegate.swift; sourceTree = "<group>"; };
		EF5145591D6D16A8008BD4B4 /* ViewController.swift */ = {isa = PBXFileReference; lastKnownFileType = sourcecode.swift; path = ViewController.swift; sourceTree = "<group>"; };
		EF51455C1D6D16A8008BD4B4 /* Base */ = {isa = PBXFileReference; lastKnownFileType = file.storyboard; name = Base; path = Base.lproj/Main.storyboard; sourceTree = "<group>"; };
		EF51455E1D6D16A8008BD4B4 /* Assets.xcassets */ = {isa = PBXFileReference; lastKnownFileType = folder.assetcatalog; path = Assets.xcassets; sourceTree = "<group>"; };
		EF5145611D6D16A8008BD4B4 /* Base */ = {isa = PBXFileReference; lastKnownFileType = file.storyboard; name = Base; path = Base.lproj/LaunchScreen.storyboard; sourceTree = "<group>"; };
		EF5145631D6D16A8008BD4B4 /* Info.plist */ = {isa = PBXFileReference; lastKnownFileType = text.plist.xml; path = Info.plist; sourceTree = "<group>"; };
		EF51456A1D6D16FA008BD4B4 /* archery.gif */ = {isa = PBXFileReference; lastKnownFileType = image.gif; path = archery.gif; sourceTree = "<group>"; };
		EF51456B1D6D16FA008BD4B4 /* athletics.gif */ = {isa = PBXFileReference; lastKnownFileType = image.gif; path = athletics.gif; sourceTree = "<group>"; };
		EF51456C1D6D16FA008BD4B4 /* badminton.gif */ = {isa = PBXFileReference; lastKnownFileType = image.gif; path = badminton.gif; sourceTree = "<group>"; };
		EF51456D1D6D16FA008BD4B4 /* basketball.gif */ = {isa = PBXFileReference; lastKnownFileType = image.gif; path = basketball.gif; sourceTree = "<group>"; };
		EF51456E1D6D16FA008BD4B4 /* beach-volleyball.gif */ = {isa = PBXFileReference; lastKnownFileType = image.gif; path = "beach-volleyball.gif"; sourceTree = "<group>"; };
		EF51456F1D6D16FA008BD4B4 /* boxing.gif */ = {isa = PBXFileReference; lastKnownFileType = image.gif; path = boxing.gif; sourceTree = "<group>"; };
		EF5145701D6D16FA008BD4B4 /* canoe-slalom.gif */ = {isa = PBXFileReference; lastKnownFileType = image.gif; path = "canoe-slalom.gif"; sourceTree = "<group>"; };
		EF5145711D6D16FA008BD4B4 /* canoe-sprint.gif */ = {isa = PBXFileReference; lastKnownFileType = image.gif; path = "canoe-sprint.gif"; sourceTree = "<group>"; };
		EF5145721D6D16FA008BD4B4 /* events.plist */ = {isa = PBXFileReference; fileEncoding = 4; lastKnownFileType = text.plist.xml; path = events.plist; sourceTree = "<group>"; };
		EF51457C1D6D18EF008BD4B4 /* EventCollectionView.swift */ = {isa = PBXFileReference; fileEncoding = 4; lastKnownFileType = sourcecode.swift; path = EventCollectionView.swift; sourceTree = "<group>"; };
		EFE76F011D71149F007960C2 /* CollectionViewSample-Code.app */ = {isa = PBXFileReference; explicitFileType = wrapper.application; includeInIndex = 0; path = "CollectionViewSample-Code.app"; sourceTree = BUILT_PRODUCTS_DIR; };
		EFE76F031D71149F007960C2 /* AppDelegate.swift */ = {isa = PBXFileReference; lastKnownFileType = sourcecode.swift; path = AppDelegate.swift; sourceTree = "<group>"; };
		EFE76F0A1D71149F007960C2 /* Assets.xcassets */ = {isa = PBXFileReference; lastKnownFileType = folder.assetcatalog; path = Assets.xcassets; sourceTree = "<group>"; };
		EFE76F0D1D71149F007960C2 /* Base */ = {isa = PBXFileReference; lastKnownFileType = file.storyboard; name = Base; path = Base.lproj/LaunchScreen.storyboard; sourceTree = "<group>"; };
		EFE76F0F1D71149F007960C2 /* Info.plist */ = {isa = PBXFileReference; lastKnownFileType = text.plist.xml; path = Info.plist; sourceTree = "<group>"; };
		EFE76F131D71165F007960C2 /* ViewController.swift */ = {isa = PBXFileReference; fileEncoding = 4; lastKnownFileType = sourcecode.swift; path = ViewController.swift; sourceTree = "<group>"; };
		EFE76F171D713D9D007960C2 /* EventCollectionViewCell.swift */ = {isa = PBXFileReference; fileEncoding = 4; lastKnownFileType = sourcecode.swift; path = EventCollectionViewCell.swift; sourceTree = "<group>"; };
		EFE76F1A1D713EE3007960C2 /* archery.gif */ = {isa = PBXFileReference; lastKnownFileType = image.gif; path = archery.gif; sourceTree = "<group>"; };
		EFE76F1B1D713EE3007960C2 /* athletics.gif */ = {isa = PBXFileReference; lastKnownFileType = image.gif; path = athletics.gif; sourceTree = "<group>"; };
		EFE76F1C1D713EE3007960C2 /* badminton.gif */ = {isa = PBXFileReference; lastKnownFileType = image.gif; path = badminton.gif; sourceTree = "<group>"; };
		EFE76F1D1D713EE3007960C2 /* basketball.gif */ = {isa = PBXFileReference; lastKnownFileType = image.gif; path = basketball.gif; sourceTree = "<group>"; };
		EFE76F1E1D713EE3007960C2 /* beach-volleyball.gif */ = {isa = PBXFileReference; lastKnownFileType = image.gif; path = "beach-volleyball.gif"; sourceTree = "<group>"; };
		EFE76F1F1D713EE3007960C2 /* boxing.gif */ = {isa = PBXFileReference; lastKnownFileType = image.gif; path = boxing.gif; sourceTree = "<group>"; };
		EFE76F201D713EE3007960C2 /* canoe-slalom.gif */ = {isa = PBXFileReference; lastKnownFileType = image.gif; path = "canoe-slalom.gif"; sourceTree = "<group>"; };
		EFE76F211D713EE3007960C2 /* canoe-sprint.gif */ = {isa = PBXFileReference; lastKnownFileType = image.gif; path = "canoe-sprint.gif"; sourceTree = "<group>"; };
		EFE76F221D713EE3007960C2 /* events.plist */ = {isa = PBXFileReference; fileEncoding = 4; lastKnownFileType = text.plist.xml; path = events.plist; sourceTree = "<group>"; };
/* End PBXFileReference section */

/* Begin PBXFrameworksBuildPhase section */
		EF5145511D6D16A8008BD4B4 /* Frameworks */ = {
			isa = PBXFrameworksBuildPhase;
			buildActionMask = 2147483647;
			files = (
			);
			runOnlyForDeploymentPostprocessing = 0;
		};
		EFE76EFE1D71149F007960C2 /* Frameworks */ = {
			isa = PBXFrameworksBuildPhase;
			buildActionMask = 2147483647;
			files = (
			);
			runOnlyForDeploymentPostprocessing = 0;
		};
/* End PBXFrameworksBuildPhase section */

/* Begin PBXGroup section */
		EF51454B1D6D16A8008BD4B4 = {
			isa = PBXGroup;
			children = (
				EF5145561D6D16A8008BD4B4 /* CollectionViewSimple */,
				EFE76F021D71149F007960C2 /* CollectionViewSample-Code */,
				EF5145551D6D16A8008BD4B4 /* Products */,
			);
			sourceTree = "<group>";
		};
		EF5145551D6D16A8008BD4B4 /* Products */ = {
			isa = PBXGroup;
			children = (
				EF5145541D6D16A8008BD4B4 /* CollectionViewSimple.app */,
				EFE76F011D71149F007960C2 /* CollectionViewSample-Code.app */,
			);
			name = Products;
			sourceTree = "<group>";
		};
		EF5145561D6D16A8008BD4B4 /* CollectionViewSimple */ = {
			isa = PBXGroup;
			children = (
				EF5145691D6D16FA008BD4B4 /* Olympics_Pic */,
				EF5145571D6D16A8008BD4B4 /* AppDelegate.swift */,
				EF5145591D6D16A8008BD4B4 /* ViewController.swift */,
				EF51455B1D6D16A8008BD4B4 /* Main.storyboard */,
				EF51455E1D6D16A8008BD4B4 /* Assets.xcassets */,
				EF5145601D6D16A8008BD4B4 /* LaunchScreen.storyboard */,
				EF5145631D6D16A8008BD4B4 /* Info.plist */,
				EF51457C1D6D18EF008BD4B4 /* EventCollectionView.swift */,
			);
			path = CollectionViewSimple;
			sourceTree = "<group>";
		};
		EF5145691D6D16FA008BD4B4 /* Olympics_Pic */ = {
			isa = PBXGroup;
			children = (
				EF51456A1D6D16FA008BD4B4 /* archery.gif */,
				EF51456B1D6D16FA008BD4B4 /* athletics.gif */,
				EF51456C1D6D16FA008BD4B4 /* badminton.gif */,
				EF51456D1D6D16FA008BD4B4 /* basketball.gif */,
				EF51456E1D6D16FA008BD4B4 /* beach-volleyball.gif */,
				EF51456F1D6D16FA008BD4B4 /* boxing.gif */,
				EF5145701D6D16FA008BD4B4 /* canoe-slalom.gif */,
				EF5145711D6D16FA008BD4B4 /* canoe-sprint.gif */,
				EF5145721D6D16FA008BD4B4 /* events.plist */,
			);
			path = Olympics_Pic;
			sourceTree = "<group>";
		};
		EFE76F021D71149F007960C2 /* CollectionViewSample-Code */ = {
			isa = PBXGroup;
			children = (
				EFE76F191D713EE3007960C2 /* Olympics_Pic */,
				EFE76F031D71149F007960C2 /* AppDelegate.swift */,
				EFE76F0A1D71149F007960C2 /* Assets.xcassets */,
				EFE76F0C1D71149F007960C2 /* LaunchScreen.storyboard */,
				EFE76F0F1D71149F007960C2 /* Info.plist */,
				EFE76F131D71165F007960C2 /* ViewController.swift */,
				EFE76F171D713D9D007960C2 /* EventCollectionViewCell.swift */,
			);
			path = "CollectionViewSample-Code";
			sourceTree = "<group>";
		};
		EFE76F191D713EE3007960C2 /* Olympics_Pic */ = {
			isa = PBXGroup;
			children = (
				EFE76F1A1D713EE3007960C2 /* archery.gif */,
				EFE76F1B1D713EE3007960C2 /* athletics.gif */,
				EFE76F1C1D713EE3007960C2 /* badminton.gif */,
				EFE76F1D1D713EE3007960C2 /* basketball.gif */,
				EFE76F1E1D713EE3007960C2 /* beach-volleyball.gif */,
				EFE76F1F1D713EE3007960C2 /* boxing.gif */,
				EFE76F201D713EE3007960C2 /* canoe-slalom.gif */,
				EFE76F211D713EE3007960C2 /* canoe-sprint.gif */,
				EFE76F221D713EE3007960C2 /* events.plist */,
			);
			path = Olympics_Pic;
			sourceTree = "<group>";
		};
/* End PBXGroup section */

/* Begin PBXNativeTarget section */
		EF5145531D6D16A8008BD4B4 /* CollectionViewSimple */ = {
			isa = PBXNativeTarget;
			buildConfigurationList = EF5145661D6D16A8008BD4B4 /* Build configuration list for PBXNativeTarget "CollectionViewSimple" */;
			buildPhases = (
				EF5145501D6D16A8008BD4B4 /* Sources */,
				EF5145511D6D16A8008BD4B4 /* Frameworks */,
				EF5145521D6D16A8008BD4B4 /* Resources */,
			);
			buildRules = (
			);
			dependencies = (
			);
			name = CollectionViewSimple;
			productName = CollectionViewSimple;
			productReference = EF5145541D6D16A8008BD4B4 /* CollectionViewSimple.app */;
			productType = "com.apple.product-type.application";
		};
		EFE76F001D71149F007960C2 /* CollectionViewSample-Code */ = {
			isa = PBXNativeTarget;
			buildConfigurationList = EFE76F121D71149F007960C2 /* Build configuration list for PBXNativeTarget "CollectionViewSample-Code" */;
			buildPhases = (
				EFE76EFD1D71149F007960C2 /* Sources */,
				EFE76EFE1D71149F007960C2 /* Frameworks */,
				EFE76EFF1D71149F007960C2 /* Resources */,
			);
			buildRules = (
			);
			dependencies = (
			);
			name = "CollectionViewSample-Code";
			productName = "CollectionViewSample-Code";
			productReference = EFE76F011D71149F007960C2 /* CollectionViewSample-Code.app */;
			productType = "com.apple.product-type.application";
		};
/* End PBXNativeTarget section */

/* Begin PBXProject section */
		EF51454C1D6D16A8008BD4B4 /* Project object */ = {
			isa = PBXProject;
			attributes = {
				LastSwiftUpdateCheck = 0730;
				LastUpgradeCheck = 0730;
				ORGANIZATIONNAME = andyron;
				TargetAttributes = {
					EF5145531D6D16A8008BD4B4 = {
						CreatedOnToolsVersion = 7.3.1;
					};
					EFE76F001D71149F007960C2 = {
						CreatedOnToolsVersion = 7.3.1;
					};
				};
			};
			buildConfigurationList = EF51454F1D6D16A8008BD4B4 /* Build configuration list for PBXProject "CollectionViewSimple" */;
			compatibilityVersion = "Xcode 3.2";
			developmentRegion = English;
			hasScannedForEncodings = 0;
			knownRegions = (
				en,
				Base,
			);
			mainGroup = EF51454B1D6D16A8008BD4B4;
			productRefGroup = EF5145551D6D16A8008BD4B4 /* Products */;
			projectDirPath = "";
			projectRoot = "";
			targets = (
				EF5145531D6D16A8008BD4B4 /* CollectionViewSimple */,
				EFE76F001D71149F007960C2 /* CollectionViewSample-Code */,
			);
		};
/* End PBXProject section */

/* Begin PBXResourcesBuildPhase section */
		EF5145521D6D16A8008BD4B4 /* Resources */ = {
			isa = PBXResourcesBuildPhase;
			buildActionMask = 2147483647;
			files = (
				EF5145621D6D16A8008BD4B4 /* LaunchScreen.storyboard in Resources */,
				EF5145761D6D16FA008BD4B4 /* basketball.gif in Resources */,
				EF5145781D6D16FA008BD4B4 /* boxing.gif in Resources */,
				EF5145741D6D16FA008BD4B4 /* athletics.gif in Resources */,
				EF51457A1D6D16FA008BD4B4 /* canoe-sprint.gif in Resources */,
				EF5145731D6D16FA008BD4B4 /* archery.gif in Resources */,
				EF5145791D6D16FA008BD4B4 /* canoe-slalom.gif in Resources */,
				EF5145751D6D16FA008BD4B4 /* badminton.gif in Resources */,
				EF51455F1D6D16A8008BD4B4 /* Assets.xcassets in Resources */,
				EF5145771D6D16FA008BD4B4 /* beach-volleyball.gif in Resources */,
				EF51455D1D6D16A8008BD4B4 /* Main.storyboard in Resources */,
				EF51457B1D6D16FA008BD4B4 /* events.plist in Resources */,
			);
			runOnlyForDeploymentPostprocessing = 0;
		};
		EFE76EFF1D71149F007960C2 /* Resources */ = {
			isa = PBXResourcesBuildPhase;
			buildActionMask = 2147483647;
			files = (
				EFE76F291D713EE3007960C2 /* canoe-slalom.gif in Resources */,
				EFE76F2A1D713EE3007960C2 /* canoe-sprint.gif in Resources */,
				EFE76F271D713EE3007960C2 /* beach-volleyball.gif in Resources */,
				EFE76F0E1D71149F007960C2 /* LaunchScreen.storyboard in Resources */,
				EFE76F251D713EE3007960C2 /* badminton.gif in Resources */,
				EFE76F0B1D71149F007960C2 /* Assets.xcassets in Resources */,
				EFE76F2B1D713EE3007960C2 /* events.plist in Resources */,
				EFE76F261D713EE3007960C2 /* basketball.gif in Resources */,
				EFE76F281D713EE3007960C2 /* boxing.gif in Resources */,
				EFE76F241D713EE3007960C2 /* athletics.gif in Resources */,
				EFE76F231D713EE3007960C2 /* archery.gif in Resources */,
			);
			runOnlyForDeploymentPostprocessing = 0;
		};
/* End PBXResourcesBuildPhase section */

/* Begin PBXSourcesBuildPhase section */
		EF5145501D6D16A8008BD4B4 /* Sources */ = {
			isa = PBXSourcesBuildPhase;
			buildActionMask = 2147483647;
			files = (
				EF51455A1D6D16A8008BD4B4 /* ViewController.swift in Sources */,
				EF5145581D6D16A8008BD4B4 /* AppDelegate.swift in Sources */,
				EF51457D1D6D18EF008BD4B4 /* EventCollectionView.swift in Sources */,
			);
			runOnlyForDeploymentPostprocessing = 0;
		};
		EFE76EFD1D71149F007960C2 /* Sources */ = {
			isa = PBXSourcesBuildPhase;
			buildActionMask = 2147483647;
			files = (
				EFE76F141D71165F007960C2 /* ViewController.swift in Sources */,
				EFE76F181D713D9D007960C2 /* EventCollectionViewCell.swift in Sources */,
				EFE76F041D71149F007960C2 /* AppDelegate.swift in Sources */,
			);
			runOnlyForDeploymentPostprocessing = 0;
		};
/* End PBXSourcesBuildPhase section */

/* Begin PBXVariantGroup section */
		EF51455B1D6D16A8008BD4B4 /* Main.storyboard */ = {
			isa = PBXVariantGroup;
			children = (
				EF51455C1D6D16A8008BD4B4 /* Base */,
			);
			name = Main.storyboard;
			sourceTree = "<group>";
		};
		EF5145601D6D16A8008BD4B4 /* LaunchScreen.storyboard */ = {
			isa = PBXVariantGroup;
			children = (
				EF5145611D6D16A8008BD4B4 /* Base */,
			);
			name = LaunchScreen.storyboard;
			sourceTree = "<group>";
		};
		EFE76F0C1D71149F007960C2 /* LaunchScreen.storyboard */ = {
			isa = PBXVariantGroup;
			children = (
				EFE76F0D1D71149F007960C2 /* Base */,
			);
			name = LaunchScreen.storyboard;
			sourceTree = "<group>";
		};
/* End PBXVariantGroup section */

/* Begin XCBuildConfiguration section */
		EF5145641D6D16A8008BD4B4 /* Debug */ = {
			isa = XCBuildConfiguration;
			buildSettings = {
				ALWAYS_SEARCH_USER_PATHS = NO;
				CLANG_ANALYZER_NONNULL = YES;
				CLANG_CXX_LANGUAGE_STANDARD = "gnu++0x";
				CLANG_CXX_LIBRARY = "libc++";
				CLANG_ENABLE_MODULES = YES;
				CLANG_ENABLE_OBJC_ARC = YES;
				CLANG_WARN_BOOL_CONVERSION = YES;
				CLANG_WARN_CONSTANT_CONVERSION = YES;
				CLANG_WARN_DIRECT_OBJC_ISA_USAGE = YES_ERROR;
				CLANG_WARN_EMPTY_BODY = YES;
				CLANG_WARN_ENUM_CONVERSION = YES;
				CLANG_WARN_INT_CONVERSION = YES;
				CLANG_WARN_OBJC_ROOT_CLASS = YES_ERROR;
				CLANG_WARN_UNREACHABLE_CODE = YES;
				CLANG_WARN__DUPLICATE_METHOD_MATCH = YES;
				"CODE_SIGN_IDENTITY[sdk=iphoneos*]" = "iPhone Developer";
				COPY_PHASE_STRIP = NO;
				DEBUG_INFORMATION_FORMAT = dwarf;
				ENABLE_STRICT_OBJC_MSGSEND = YES;
				ENABLE_TESTABILITY = YES;
				GCC_C_LANGUAGE_STANDARD = gnu99;
				GCC_DYNAMIC_NO_PIC = NO;
				GCC_NO_COMMON_BLOCKS = YES;
				GCC_OPTIMIZATION_LEVEL = 0;
				GCC_PREPROCESSOR_DEFINITIONS = (
					"DEBUG=1",
					"$(inherited)",
				);
				GCC_WARN_64_TO_32_BIT_CONVERSION = YES;
				GCC_WARN_ABOUT_RETURN_TYPE = YES_ERROR;
				GCC_WARN_UNDECLARED_SELECTOR = YES;
				GCC_WARN_UNINITIALIZED_AUTOS = YES_AGGRESSIVE;
				GCC_WARN_UNUSED_FUNCTION = YES;
				GCC_WARN_UNUSED_VARIABLE = YES;
				IPHONEOS_DEPLOYMENT_TARGET = 9.3;
				MTL_ENABLE_DEBUG_INFO = YES;
				ONLY_ACTIVE_ARCH = YES;
				SDKROOT = iphoneos;
				SWIFT_OPTIMIZATION_LEVEL = "-Onone";
				TARGETED_DEVICE_FAMILY = "1,2";
			};
			name = Debug;
		};
		EF5145651D6D16A8008BD4B4 /* Release */ = {
			isa = XCBuildConfiguration;
			buildSettings = {
				ALWAYS_SEARCH_USER_PATHS = NO;
				CLANG_ANALYZER_NONNULL = YES;
				CLANG_CXX_LANGUAGE_STANDARD = "gnu++0x";
				CLANG_CXX_LIBRARY = "libc++";
				CLANG_ENABLE_MODULES = YES;
				CLANG_ENABLE_OBJC_ARC = YES;
				CLANG_WARN_BOOL_CONVERSION = YES;
				CLANG_WARN_CONSTANT_CONVERSION = YES;
				CLANG_WARN_DIRECT_OBJC_ISA_USAGE = YES_ERROR;
				CLANG_WARN_EMPTY_BODY = YES;
				CLANG_WARN_ENUM_CONVERSION = YES;
				CLANG_WARN_INT_CONVERSION = YES;
				CLANG_WARN_OBJC_ROOT_CLASS = YES_ERROR;
				CLANG_WARN_UNREACHABLE_CODE = YES;
				CLANG_WARN__DUPLICATE_METHOD_MATCH = YES;
				"CODE_SIGN_IDENTITY[sdk=iphoneos*]" = "iPhone Developer";
				COPY_PHASE_STRIP = NO;
				DEBUG_INFORMATION_FORMAT = "dwarf-with-dsym";
				ENABLE_NS_ASSERTIONS = NO;
				ENABLE_STRICT_OBJC_MSGSEND = YES;
				GCC_C_LANGUAGE_STANDARD = gnu99;
				GCC_NO_COMMON_BLOCKS = YES;
				GCC_WARN_64_TO_32_BIT_CONVERSION = YES;
				GCC_WARN_ABOUT_RETURN_TYPE = YES_ERROR;
				GCC_WARN_UNDECLARED_SELECTOR = YES;
				GCC_WARN_UNINITIALIZED_AUTOS = YES_AGGRESSIVE;
				GCC_WARN_UNUSED_FUNCTION = YES;
				GCC_WARN_UNUSED_VARIABLE = YES;
				IPHONEOS_DEPLOYMENT_TARGET = 9.3;
				MTL_ENABLE_DEBUG_INFO = NO;
				SDKROOT = iphoneos;
				TARGETED_DEVICE_FAMILY = "1,2";
				VALIDATE_PRODUCT = YES;
			};
			name = Release;
		};
		EF5145671D6D16A8008BD4B4 /* Debug */ = {
			isa = XCBuildConfiguration;
			buildSettings = {
				ASSETCATALOG_COMPILER_APPICON_NAME = AppIcon;
				INFOPLIST_FILE = CollectionViewSimple/Info.plist;
				LD_RUNPATH_SEARCH_PATHS = "$(inherited) @executable_path/Frameworks";
				PRODUCT_BUNDLE_IDENTIFIER = cn.andyron.CollectionViewSimple;
				PRODUCT_NAME = "$(TARGET_NAME)";
			};
			name = Debug;
		};
		EF5145681D6D16A8008BD4B4 /* Release */ = {
			isa = XCBuildConfiguration;
			buildSettings = {
				ASSETCATALOG_COMPILER_APPICON_NAME = AppIcon;
				INFOPLIST_FILE = CollectionViewSimple/Info.plist;
				LD_RUNPATH_SEARCH_PATHS = "$(inherited) @executable_path/Frameworks";
				PRODUCT_BUNDLE_IDENTIFIER = cn.andyron.CollectionViewSimple;
				PRODUCT_NAME = "$(TARGET_NAME)";
			};
			name = Release;
		};
		EFE76F101D71149F007960C2 /* Debug */ = {
			isa = XCBuildConfiguration;
			buildSettings = {
				ASSETCATALOG_COMPILER_APPICON_NAME = AppIcon;
				INFOPLIST_FILE = "CollectionViewSample-Code/Info.plist";
				LD_RUNPATH_SEARCH_PATHS = "$(inherited) @executable_path/Frameworks";
				PRODUCT_BUNDLE_IDENTIFIER = "cn.andyron.CollectionViewSample-Code";
				PRODUCT_NAME = "$(TARGET_NAME)";
			};
			name = Debug;
		};
		EFE76F111D71149F007960C2 /* Release */ = {
			isa = XCBuildConfiguration;
			buildSettings = {
				ASSETCATALOG_COMPILER_APPICON_NAME = AppIcon;
				INFOPLIST_FILE = "CollectionViewSample-Code/Info.plist";
				LD_RUNPATH_SEARCH_PATHS = "$(inherited) @executable_path/Frameworks";
				PRODUCT_BUNDLE_IDENTIFIER = "cn.andyron.CollectionViewSample-Code";
				PRODUCT_NAME = "$(TARGET_NAME)";
			};
			name = Release;
		};
/* End XCBuildConfiguration section */

/* Begin XCConfigurationList section */
		EF51454F1D6D16A8008BD4B4 /* Build configuration list for PBXProject "CollectionViewSimple" */ = {
			isa = XCConfigurationList;
			buildConfigurations = (
				EF5145641D6D16A8008BD4B4 /* Debug */,
				EF5145651D6D16A8008BD4B4 /* Release */,
			);
			defaultConfigurationIsVisible = 0;
			defaultConfigurationName = Release;
		};
		EF5145661D6D16A8008BD4B4 /* Build configuration list for PBXNativeTarget "CollectionViewSimple" */ = {
			isa = XCConfigurationList;
			buildConfigurations = (
				EF5145671D6D16A8008BD4B4 /* Debug */,
				EF5145681D6D16A8008BD4B4 /* Release */,
			);
			defaultConfigurationIsVisible = 0;
			defaultConfigurationName = Release;
		};
		EFE76F121D71149F007960C2 /* Build configuration list for PBXNativeTarget "CollectionViewSample-Code" */ = {
			isa = XCConfigurationList;
			buildConfigurations = (
				EFE76F101D71149F007960C2 /* Debug */,
				EFE76F111D71149F007960C2 /* Release */,
			);
			defaultConfigurationIsVisible = 0;
		};
/* End XCConfigurationList section */
	};
	rootObject = EF51454C1D6D16A8008BD4B4 /* Project object */;
}
