// !$*UTF8*$!
{
	archiveVersion = 1;
	classes = {
	};
	objectVersion = 46;
	objects = {

/* Begin PBXBuildFile section */
		EF712F3F1D96828D00F8D47D /* AppDelegate.swift in Sources */ = {isa = PBXBuildFile; fileRef = EF712F3E1D96828D00F8D47D /* AppDelegate.swift */; };
		EF712F411D96828D00F8D47D /* ViewController.swift in Sources */ = {isa = PBXBuildFile; fileRef = EF712F401D96828D00F8D47D /* ViewController.swift */; };
		EF712F441D96828D00F8D47D /* Main.storyboard in Resources */ = {isa = PBXBuildFile; fileRef = EF712F421D96828D00F8D47D /* Main.storyboard */; };
		EF712F461D96828D00F8D47D /* Assets.xcassets in Resources */ = {isa = PBXBuildFile; fileRef = EF712F451D96828D00F8D47D /* Assets.xcassets */; };
		EF712F491D96828D00F8D47D /* LaunchScreen.storyboard in Resources */ = {isa = PBXBuildFile; fileRef = EF712F471D96828D00F8D47D /* LaunchScreen.storyboard */; };
		EF712F511D97617D00F8D47D /* RegisterViewController.swift in Sources */ = {isa = PBXBuildFile; fileRef = EF712F501D97617D00F8D47D /* RegisterViewController.swift */; };
/* End PBXBuildFile section */

/* Begin PBXFileReference section */
		EF712F3B1D96828D00F8D47D /* ModalViewSample.app */ = {isa = PBXFileReference; explicitFileType = wrapper.application; includeInIndex = 0; path = ModalViewSample.app; sourceTree = BUILT_PRODUCTS_DIR; };
		EF712F3E1D96828D00F8D47D /* AppDelegate.swift */ = {isa = PBXFileReference; lastKnownFileType = sourcecode.swift; path = AppDelegate.swift; sourceTree = "<group>"; };
		EF712F401D96828D00F8D47D /* ViewController.swift */ = {isa = PBXFileReference; lastKnownFileType = sourcecode.swift; path = ViewController.swift; sourceTree = "<group>"; };
		EF712F431D96828D00F8D47D /* Base */ = {isa = PBXFileReference; lastKnownFileType = file.storyboard; name = Base; path = Base.lproj/Main.storyboard; sourceTree = "<group>"; };
		EF712F451D96828D00F8D47D /* Assets.xcassets */ = {isa = PBXFileReference; lastKnownFileType = folder.assetcatalog; path = Assets.xcassets; sourceTree = "<group>"; };
		EF712F481D96828D00F8D47D /* Base */ = {isa = PBXFileReference; lastKnownFileType = file.storyboard; name = Base; path = Base.lproj/LaunchScreen.storyboard; sourceTree = "<group>"; };
		EF712F4A1D96828D00F8D47D /* Info.plist */ = {isa = PBXFileReference; lastKnownFileType = text.plist.xml; path = Info.plist; sourceTree = "<group>"; };
		EF712F501D97617D00F8D47D /* RegisterViewController.swift */ = {isa = PBXFileReference; fileEncoding = 4; lastKnownFileType = sourcecode.swift; path = RegisterViewController.swift; sourceTree = "<group>"; };
/* End PBXFileReference section */

/* Begin PBXFrameworksBuildPhase section */
		EF712F381D96828D00F8D47D /* Frameworks */ = {
			isa = PBXFrameworksBuildPhase;
			buildActionMask = 2147483647;
			files = (
			);
			runOnlyForDeploymentPostprocessing = 0;
		};
/* End PBXFrameworksBuildPhase section */

/* Begin PBXGroup section */
		EF712F321D96828D00F8D47D = {
			isa = PBXGroup;
			children = (
				EF712F3D1D96828D00F8D47D /* ModalViewSample */,
				EF712F3C1D96828D00F8D47D /* Products */,
			);
			sourceTree = "<group>";
		};
		EF712F3C1D96828D00F8D47D /* Products */ = {
			isa = PBXGroup;
			children = (
				EF712F3B1D96828D00F8D47D /* ModalViewSample.app */,
			);
			name = Products;
			sourceTree = "<group>";
		};
		EF712F3D1D96828D00F8D47D /* ModalViewSample */ = {
			isa = PBXGroup;
			children = (
				EF712F3E1D96828D00F8D47D /* AppDelegate.swift */,
				EF712F401D96828D00F8D47D /* ViewController.swift */,
				EF712F421D96828D00F8D47D /* Main.storyboard */,
				EF712F451D96828D00F8D47D /* Assets.xcassets */,
				EF712F471D96828D00F8D47D /* LaunchScreen.storyboard */,
				EF712F4A1D96828D00F8D47D /* Info.plist */,
				EF712F501D97617D00F8D47D /* RegisterViewController.swift */,
			);
			path = ModalViewSample;
			sourceTree = "<group>";
		};
/* End PBXGroup section */

/* Begin PBXNativeTarget section */
		EF712F3A1D96828D00F8D47D /* ModalViewSample */ = {
			isa = PBXNativeTarget;
			buildConfigurationList = EF712F4D1D96828D00F8D47D /* Build configuration list for PBXNativeTarget "ModalViewSample" */;
			buildPhases = (
				EF712F371D96828D00F8D47D /* Sources */,
				EF712F381D96828D00F8D47D /* Frameworks */,
				EF712F391D96828D00F8D47D /* Resources */,
			);
			buildRules = (
			);
			dependencies = (
			);
			name = ModalViewSample;
			productName = ModalViewSample;
			productReference = EF712F3B1D96828D00F8D47D /* ModalViewSample.app */;
			productType = "com.apple.product-type.application";
		};
/* End PBXNativeTarget section */

/* Begin PBXProject section */
		EF712F331D96828D00F8D47D /* Project object */ = {
			isa = PBXProject;
			attributes = {
				LastSwiftUpdateCheck = 0800;
				LastUpgradeCheck = 0800;
				ORGANIZATIONNAME = andyron;
				TargetAttributes = {
					EF712F3A1D96828D00F8D47D = {
						CreatedOnToolsVersion = 8.0;
						DevelopmentTeam = ZHNA975N38;
						ProvisioningStyle = Automatic;
					};
				};
			};
			buildConfigurationList = EF712F361D96828D00F8D47D /* Build configuration list for PBXProject "ModalViewSample" */;
			compatibilityVersion = "Xcode 3.2";
			developmentRegion = English;
			hasScannedForEncodings = 0;
			knownRegions = (
				en,
				Base,
			);
			mainGroup = EF712F321D96828D00F8D47D;
			productRefGroup = EF712F3C1D96828D00F8D47D /* Products */;
			projectDirPath = "";
			projectRoot = "";
			targets = (
				EF712F3A1D96828D00F8D47D /* ModalViewSample */,
			);
		};
/* End PBXProject section */

/* Begin PBXResourcesBuildPhase section */
		EF712F391D96828D00F8D47D /* Resources */ = {
			isa = PBXResourcesBuildPhase;
			buildActionMask = 2147483647;
			files = (
				EF712F491D96828D00F8D47D /* LaunchScreen.storyboard in Resources */,
				EF712F461D96828D00F8D47D /* Assets.xcassets in Resources */,
				EF712F441D96828D00F8D47D /* Main.storyboard in Resources */,
			);
			runOnlyForDeploymentPostprocessing = 0;
		};
/* End PBXResourcesBuildPhase section */

/* Begin PBXSourcesBuildPhase section */
		EF712F371D96828D00F8D47D /* Sources */ = {
			isa = PBXSourcesBuildPhase;
			buildActionMask = 2147483647;
			files = (
				EF712F511D97617D00F8D47D /* RegisterViewController.swift in Sources */,
				EF712F411D96828D00F8D47D /* ViewController.swift in Sources */,
				EF712F3F1D96828D00F8D47D /* AppDelegate.swift in Sources */,
			);
			runOnlyForDeploymentPostprocessing = 0;
		};
/* End PBXSourcesBuildPhase section */

/* Begin PBXVariantGroup section */
		EF712F421D96828D00F8D47D /* Main.storyboard */ = {
			isa = PBXVariantGroup;
			children = (
				EF712F431D96828D00F8D47D /* Base */,
			);
			name = Main.storyboard;
			sourceTree = "<group>";
		};
		EF712F471D96828D00F8D47D /* LaunchScreen.storyboard */ = {
			isa = PBXVariantGroup;
			children = (
				EF712F481D96828D00F8D47D /* Base */,
			);
			name = LaunchScreen.storyboard;
			sourceTree = "<group>";
		};
/* End PBXVariantGroup section */

/* Begin XCBuildConfiguration section */
		EF712F4B1D96828D00F8D47D /* Debug */ = {
			isa = XCBuildConfiguration;
			buildSettings = {
				ALWAYS_SEARCH_USER_PATHS = NO;
				CLANG_ANALYZER_NONNULL = YES;
				CLANG_CXX_LANGUAGE_STANDARD = "gnu++0x";
				CLANG_CXX_LIBRARY = "libc++";
				CLANG_ENABLE_MODULES = YES;
				CLANG_ENABLE_OBJC_ARC = YES;
				CLANG_WARN_BOOL_CONVERSION = YES;
				CLANG_WARN_CONSTANT_CONVERSION = YES;
				CLANG_WARN_DIRECT_OBJC_ISA_USAGE = YES_ERROR;
				CLANG_WARN_DOCUMENTATION_COMMENTS = YES;
				CLANG_WARN_EMPTY_BODY = YES;
				CLANG_WARN_ENUM_CONVERSION = YES;
				CLANG_WARN_INFINITE_RECURSION = YES;
				CLANG_WARN_INT_CONVERSION = YES;
				CLANG_WARN_OBJC_ROOT_CLASS = YES_ERROR;
				CLANG_WARN_SUSPICIOUS_MOVES = YES;
				CLANG_WARN_UNREACHABLE_CODE = YES;
				CLANG_WARN__DUPLICATE_METHOD_MATCH = YES;
				"CODE_SIGN_IDENTITY[sdk=iphoneos*]" = "iPhone Developer";
				COPY_PHASE_STRIP = NO;
				DEBUG_INFORMATION_FORMAT = dwarf;
				ENABLE_STRICT_OBJC_MSGSEND = YES;
				ENABLE_TESTABILITY = YES;
				GCC_C_LANGUAGE_STANDARD = gnu99;
				GCC_DYNAMIC_NO_PIC = NO;
				GCC_NO_COMMON_BLOCKS = YES;
				GCC_OPTIMIZATION_LEVEL = 0;
				GCC_PREPROCESSOR_DEFINITIONS = (
					"DEBUG=1",
					"$(inherited)",
				);
				GCC_WARN_64_TO_32_BIT_CONVERSION = YES;
				GCC_WARN_ABOUT_RETURN_TYPE = YES_ERROR;
				GCC_WARN_UNDECLARED_SELECTOR = YES;
				GCC_WARN_UNINITIALIZED_AUTOS = YES_AGGRESSIVE;
				GCC_WARN_UNUSED_FUNCTION = YES;
				GCC_WARN_UNUSED_VARIABLE = YES;
				IPHONEOS_DEPLOYMENT_TARGET = 10.0;
				MTL_ENABLE_DEBUG_INFO = YES;
				ONLY_ACTIVE_ARCH = YES;
				SDKROOT = iphoneos;
				SWIFT_ACTIVE_COMPILATION_CONDITIONS = DEBUG;
				SWIFT_OPTIMIZATION_LEVEL = "-Onone";
				TARGETED_DEVICE_FAMILY = "1,2";
			};
			name = Debug;
		};
		EF712F4C1D96828D00F8D47D /* Release */ = {
			isa = XCBuildConfiguration;
			buildSettings = {
				ALWAYS_SEARCH_USER_PATHS = NO;
				CLANG_ANALYZER_NONNULL = YES;
				CLANG_CXX_LANGUAGE_STANDARD = "gnu++0x";
				CLANG_CXX_LIBRARY = "libc++";
				CLANG_ENABLE_MODULES = YES;
				CLANG_ENABLE_OBJC_ARC = YES;
				CLANG_WARN_BOOL_CONVERSION = YES;
				CLANG_WARN_CONSTANT_CONVERSION = YES;
				CLANG_WARN_DIRECT_OBJC_ISA_USAGE = YES_ERROR;
				CLANG_WARN_DOCUMENTATION_COMMENTS = YES;
				CLANG_WARN_EMPTY_BODY = YES;
				CLANG_WARN_ENUM_CONVERSION = YES;
				CLANG_WARN_INFINITE_RECURSION = YES;
				CLANG_WARN_INT_CONVERSION = YES;
				CLANG_WARN_OBJC_ROOT_CLASS = YES_ERROR;
				CLANG_WARN_SUSPICIOUS_MOVES = YES;
				CLANG_WARN_UNREACHABLE_CODE = YES;
				CLANG_WARN__DUPLICATE_METHOD_MATCH = YES;
				"CODE_SIGN_IDENTITY[sdk=iphoneos*]" = "iPhone Developer";
				COPY_PHASE_STRIP = NO;
				DEBUG_INFORMATION_FORMAT = "dwarf-with-dsym";
				ENABLE_NS_ASSERTIONS = NO;
				ENABLE_STRICT_OBJC_MSGSEND = YES;
				GCC_C_LANGUAGE_STANDARD = gnu99;
				GCC_NO_COMMON_BLOCKS = YES;
				GCC_WARN_64_TO_32_BIT_CONVERSION = YES;
				GCC_WARN_ABOUT_RETURN_TYPE = YES_ERROR;
				GCC_WARN_UNDECLARED_SELECTOR = YES;
				GCC_WARN_UNINITIALIZED_AUTOS = YES_AGGRESSIVE;
				GCC_WARN_UNUSED_FUNCTION = YES;
				GCC_WARN_UNUSED_VARIABLE = YES;
				IPHONEOS_DEPLOYMENT_TARGET = 10.0;
				MTL_ENABLE_DEBUG_INFO = NO;
				SDKROOT = iphoneos;
				SWIFT_OPTIMIZATION_LEVEL = "-Owholemodule";
				TARGETED_DEVICE_FAMILY = "1,2";
				VALIDATE_PRODUCT = YES;
			};
			name = Release;
		};
		EF712F4E1D96828D00F8D47D /* Debug */ = {
			isa = XCBuildConfiguration;
			buildSettings = {
				ASSETCATALOG_COMPILER_APPICON_NAME = AppIcon;
				DEVELOPMENT_TEAM = ZHNA975N38;
				INFOPLIST_FILE = ModalViewSample/Info.plist;
				LD_RUNPATH_SEARCH_PATHS = "$(inherited) @executable_path/Frameworks";
				PRODUCT_BUNDLE_IDENTIFIER = cn.andyron.ModalViewSample;
				PRODUCT_NAME = "$(TARGET_NAME)";
				SWIFT_VERSION = 2.3;
			};
			name = Debug;
		};
		EF712F4F1D96828D00F8D47D /* Release */ = {
			isa = XCBuildConfiguration;
			buildSettings = {
				ASSETCATALOG_COMPILER_APPICON_NAME = AppIcon;
				DEVELOPMENT_TEAM = ZHNA975N38;
				INFOPLIST_FILE = ModalViewSample/Info.plist;
				LD_RUNPATH_SEARCH_PATHS = "$(inherited) @executable_path/Frameworks";
				PRODUCT_BUNDLE_IDENTIFIER = cn.andyron.ModalViewSample;
				PRODUCT_NAME = "$(TARGET_NAME)";
				SWIFT_VERSION = 2.3;
			};
			name = Release;
		};
/* End XCBuildConfiguration section */

/* Begin XCConfigurationList section */
		EF712F361D96828D00F8D47D /* Build configuration list for PBXProject "ModalViewSample" */ = {
			isa = XCConfigurationList;
			buildConfigurations = (
				EF712F4B1D96828D00F8D47D /* Debug */,
				EF712F4C1D96828D00F8D47D /* Release */,
			);
			defaultConfigurationIsVisible = 0;
			defaultConfigurationName = Release;
		};
		EF712F4D1D96828D00F8D47D /* Build configuration list for PBXNativeTarget "ModalViewSample" */ = {
			isa = XCConfigurationList;
			buildConfigurations = (
				EF712F4E1D96828D00F8D47D /* Debug */,
				EF712F4F1D96828D00F8D47D /* Release */,
			);
			defaultConfigurationIsVisible = 0;
			defaultConfigurationName = Release;
		};
/* End XCConfigurationList section */
	};
	rootObject = EF712F331D96828D00F8D47D /* Project object */;
}
