// !$*UTF8*$!
{
	archiveVersion = 1;
	classes = {
	};
	objectVersion = 46;
	objects = {

/* Begin PBXBuildFile section */
		EF0479731D652846002E7D92 /* AppDelegate.swift in Sources */ = {isa = PBXBuildFile; fileRef = EF0479721D652846002E7D92 /* AppDelegate.swift */; };
		EF0479751D652846002E7D92 /* ViewController.swift in Sources */ = {isa = PBXBuildFile; fileRef = EF0479741D652846002E7D92 /* ViewController.swift */; };
		EF0479781D652846002E7D92 /* Main.storyboard in Resources */ = {isa = PBXBuildFile; fileRef = EF0479761D652846002E7D92 /* Main.storyboard */; };
		EF04797A1D652846002E7D92 /* Assets.xcassets in Resources */ = {isa = PBXBuildFile; fileRef = EF0479791D652846002E7D92 /* Assets.xcassets */; };
		EF04797D1D652846002E7D92 /* LaunchScreen.storyboard in Resources */ = {isa = PBXBuildFile; fileRef = EF04797B1D652846002E7D92 /* LaunchScreen.storyboard */; };
		EF04798B1D652B8D002E7D92 /* AppDelegate.swift in Sources */ = {isa = PBXBuildFile; fileRef = EF04798A1D652B8D002E7D92 /* AppDelegate.swift */; };
		EF04798D1D652B8D002E7D92 /* ViewController.swift in Sources */ = {isa = PBXBuildFile; fileRef = EF04798C1D652B8D002E7D92 /* ViewController.swift */; };
		EF0479901D652B8D002E7D92 /* Main.storyboard in Resources */ = {isa = PBXBuildFile; fileRef = EF04798E1D652B8D002E7D92 /* Main.storyboard */; };
		EF0479921D652B8D002E7D92 /* Assets.xcassets in Resources */ = {isa = PBXBuildFile; fileRef = EF0479911D652B8D002E7D92 /* Assets.xcassets */; };
		EF0479951D652B8D002E7D92 /* LaunchScreen.storyboard in Resources */ = {isa = PBXBuildFile; fileRef = EF0479931D652B8D002E7D92 /* LaunchScreen.storyboard */; };
/* End PBXBuildFile section */

/* Begin PBXFileReference section */
		EF04796F1D652846002E7D92 /* TextFieldTextView.app */ = {isa = PBXFileReference; explicitFileType = wrapper.application; includeInIndex = 0; path = TextFieldTextView.app; sourceTree = BUILT_PRODUCTS_DIR; };
		EF0479721D652846002E7D92 /* AppDelegate.swift */ = {isa = PBXFileReference; lastKnownFileType = sourcecode.swift; path = AppDelegate.swift; sourceTree = "<group>"; };
		EF0479741D652846002E7D92 /* ViewController.swift */ = {isa = PBXFileReference; lastKnownFileType = sourcecode.swift; path = ViewController.swift; sourceTree = "<group>"; };
		EF0479771D652846002E7D92 /* Base */ = {isa = PBXFileReference; lastKnownFileType = file.storyboard; name = Base; path = Base.lproj/Main.storyboard; sourceTree = "<group>"; };
		EF0479791D652846002E7D92 /* Assets.xcassets */ = {isa = PBXFileReference; lastKnownFileType = folder.assetcatalog; path = Assets.xcassets; sourceTree = "<group>"; };
		EF04797C1D652846002E7D92 /* Base */ = {isa = PBXFileReference; lastKnownFileType = file.storyboard; name = Base; path = Base.lproj/LaunchScreen.storyboard; sourceTree = "<group>"; };
		EF04797E1D652846002E7D92 /* Info.plist */ = {isa = PBXFileReference; lastKnownFileType = text.plist.xml; path = Info.plist; sourceTree = "<group>"; };
		EF0479881D652B8D002E7D92 /* TextFieldTextView-Code.app */ = {isa = PBXFileReference; explicitFileType = wrapper.application; includeInIndex = 0; path = "TextFieldTextView-Code.app"; sourceTree = BUILT_PRODUCTS_DIR; };
		EF04798A1D652B8D002E7D92 /* AppDelegate.swift */ = {isa = PBXFileReference; lastKnownFileType = sourcecode.swift; path = AppDelegate.swift; sourceTree = "<group>"; };
		EF04798C1D652B8D002E7D92 /* ViewController.swift */ = {isa = PBXFileReference; lastKnownFileType = sourcecode.swift; path = ViewController.swift; sourceTree = "<group>"; };
		EF04798F1D652B8D002E7D92 /* Base */ = {isa = PBXFileReference; lastKnownFileType = file.storyboard; name = Base; path = Base.lproj/Main.storyboard; sourceTree = "<group>"; };
		EF0479911D652B8D002E7D92 /* Assets.xcassets */ = {isa = PBXFileReference; lastKnownFileType = folder.assetcatalog; path = Assets.xcassets; sourceTree = "<group>"; };
		EF0479941D652B8D002E7D92 /* Base */ = {isa = PBXFileReference; lastKnownFileType = file.storyboard; name = Base; path = Base.lproj/LaunchScreen.storyboard; sourceTree = "<group>"; };
		EF0479961D652B8D002E7D92 /* Info.plist */ = {isa = PBXFileReference; lastKnownFileType = text.plist.xml; path = Info.plist; sourceTree = "<group>"; };
/* End PBXFileReference section */

/* Begin PBXFrameworksBuildPhase section */
		EF04796C1D652846002E7D92 /* Frameworks */ = {
			isa = PBXFrameworksBuildPhase;
			buildActionMask = 2147483647;
			files = (
			);
			runOnlyForDeploymentPostprocessing = 0;
		};
		EF0479851D652B8D002E7D92 /* Frameworks */ = {
			isa = PBXFrameworksBuildPhase;
			buildActionMask = 2147483647;
			files = (
			);
			runOnlyForDeploymentPostprocessing = 0;
		};
/* End PBXFrameworksBuildPhase section */

/* Begin PBXGroup section */
		EF0479661D652846002E7D92 = {
			isa = PBXGroup;
			children = (
				EF0479711D652846002E7D92 /* TextFieldTextView */,
				EF0479891D652B8D002E7D92 /* TextFieldTextView-Code */,
				EF0479701D652846002E7D92 /* Products */,
			);
			sourceTree = "<group>";
		};
		EF0479701D652846002E7D92 /* Products */ = {
			isa = PBXGroup;
			children = (
				EF04796F1D652846002E7D92 /* TextFieldTextView.app */,
				EF0479881D652B8D002E7D92 /* TextFieldTextView-Code.app */,
			);
			name = Products;
			sourceTree = "<group>";
		};
		EF0479711D652846002E7D92 /* TextFieldTextView */ = {
			isa = PBXGroup;
			children = (
				EF0479721D652846002E7D92 /* AppDelegate.swift */,
				EF0479741D652846002E7D92 /* ViewController.swift */,
				EF0479761D652846002E7D92 /* Main.storyboard */,
				EF0479791D652846002E7D92 /* Assets.xcassets */,
				EF04797B1D652846002E7D92 /* LaunchScreen.storyboard */,
				EF04797E1D652846002E7D92 /* Info.plist */,
			);
			path = TextFieldTextView;
			sourceTree = "<group>";
		};
		EF0479891D652B8D002E7D92 /* TextFieldTextView-Code */ = {
			isa = PBXGroup;
			children = (
				EF04798A1D652B8D002E7D92 /* AppDelegate.swift */,
				EF04798C1D652B8D002E7D92 /* ViewController.swift */,
				EF04798E1D652B8D002E7D92 /* Main.storyboard */,
				EF0479911D652B8D002E7D92 /* Assets.xcassets */,
				EF0479931D652B8D002E7D92 /* LaunchScreen.storyboard */,
				EF0479961D652B8D002E7D92 /* Info.plist */,
			);
			path = "TextFieldTextView-Code";
			sourceTree = "<group>";
		};
/* End PBXGroup section */

/* Begin PBXNativeTarget section */
		EF04796E1D652846002E7D92 /* TextFieldTextView */ = {
			isa = PBXNativeTarget;
			buildConfigurationList = EF0479811D652846002E7D92 /* Build configuration list for PBXNativeTarget "TextFieldTextView" */;
			buildPhases = (
				EF04796B1D652846002E7D92 /* Sources */,
				EF04796C1D652846002E7D92 /* Frameworks */,
				EF04796D1D652846002E7D92 /* Resources */,
			);
			buildRules = (
			);
			dependencies = (
			);
			name = TextFieldTextView;
			productName = TextFieldTextView;
			productReference = EF04796F1D652846002E7D92 /* TextFieldTextView.app */;
			productType = "com.apple.product-type.application";
		};
		EF0479871D652B8D002E7D92 /* TextFieldTextView-Code */ = {
			isa = PBXNativeTarget;
			buildConfigurationList = EF0479971D652B8D002E7D92 /* Build configuration list for PBXNativeTarget "TextFieldTextView-Code" */;
			buildPhases = (
				EF0479841D652B8D002E7D92 /* Sources */,
				EF0479851D652B8D002E7D92 /* Frameworks */,
				EF0479861D652B8D002E7D92 /* Resources */,
			);
			buildRules = (
			);
			dependencies = (
			);
			name = "TextFieldTextView-Code";
			productName = "TextFieldTextView-Code";
			productReference = EF0479881D652B8D002E7D92 /* TextFieldTextView-Code.app */;
			productType = "com.apple.product-type.application";
		};
/* End PBXNativeTarget section */

/* Begin PBXProject section */
		EF0479671D652846002E7D92 /* Project object */ = {
			isa = PBXProject;
			attributes = {
				LastSwiftUpdateCheck = 0730;
				LastUpgradeCheck = 0730;
				ORGANIZATIONNAME = andyron;
				TargetAttributes = {
					EF04796E1D652846002E7D92 = {
						CreatedOnToolsVersion = 7.3.1;
					};
					EF0479871D652B8D002E7D92 = {
						CreatedOnToolsVersion = 7.3.1;
					};
				};
			};
			buildConfigurationList = EF04796A1D652846002E7D92 /* Build configuration list for PBXProject "TextFieldTextView" */;
			compatibilityVersion = "Xcode 3.2";
			developmentRegion = English;
			hasScannedForEncodings = 0;
			knownRegions = (
				en,
				Base,
			);
			mainGroup = EF0479661D652846002E7D92;
			productRefGroup = EF0479701D652846002E7D92 /* Products */;
			projectDirPath = "";
			projectRoot = "";
			targets = (
				EF04796E1D652846002E7D92 /* TextFieldTextView */,
				EF0479871D652B8D002E7D92 /* TextFieldTextView-Code */,
			);
		};
/* End PBXProject section */

/* Begin PBXResourcesBuildPhase section */
		EF04796D1D652846002E7D92 /* Resources */ = {
			isa = PBXResourcesBuildPhase;
			buildActionMask = 2147483647;
			files = (
				EF04797D1D652846002E7D92 /* LaunchScreen.storyboard in Resources */,
				EF04797A1D652846002E7D92 /* Assets.xcassets in Resources */,
				EF0479781D652846002E7D92 /* Main.storyboard in Resources */,
			);
			runOnlyForDeploymentPostprocessing = 0;
		};
		EF0479861D652B8D002E7D92 /* Resources */ = {
			isa = PBXResourcesBuildPhase;
			buildActionMask = 2147483647;
			files = (
				EF0479951D652B8D002E7D92 /* LaunchScreen.storyboard in Resources */,
				EF0479921D652B8D002E7D92 /* Assets.xcassets in Resources */,
				EF0479901D652B8D002E7D92 /* Main.storyboard in Resources */,
			);
			runOnlyForDeploymentPostprocessing = 0;
		};
/* End PBXResourcesBuildPhase section */

/* Begin PBXSourcesBuildPhase section */
		EF04796B1D652846002E7D92 /* Sources */ = {
			isa = PBXSourcesBuildPhase;
			buildActionMask = 2147483647;
			files = (
				EF0479751D652846002E7D92 /* ViewController.swift in Sources */,
				EF0479731D652846002E7D92 /* AppDelegate.swift in Sources */,
			);
			runOnlyForDeploymentPostprocessing = 0;
		};
		EF0479841D652B8D002E7D92 /* Sources */ = {
			isa = PBXSourcesBuildPhase;
			buildActionMask = 2147483647;
			files = (
				EF04798D1D652B8D002E7D92 /* ViewController.swift in Sources */,
				EF04798B1D652B8D002E7D92 /* AppDelegate.swift in Sources */,
			);
			runOnlyForDeploymentPostprocessing = 0;
		};
/* End PBXSourcesBuildPhase section */

/* Begin PBXVariantGroup section */
		EF0479761D652846002E7D92 /* Main.storyboard */ = {
			isa = PBXVariantGroup;
			children = (
				EF0479771D652846002E7D92 /* Base */,
			);
			name = Main.storyboard;
			sourceTree = "<group>";
		};
		EF04797B1D652846002E7D92 /* LaunchScreen.storyboard */ = {
			isa = PBXVariantGroup;
			children = (
				EF04797C1D652846002E7D92 /* Base */,
			);
			name = LaunchScreen.storyboard;
			sourceTree = "<group>";
		};
		EF04798E1D652B8D002E7D92 /* Main.storyboard */ = {
			isa = PBXVariantGroup;
			children = (
				EF04798F1D652B8D002E7D92 /* Base */,
			);
			name = Main.storyboard;
			sourceTree = "<group>";
		};
		EF0479931D652B8D002E7D92 /* LaunchScreen.storyboard */ = {
			isa = PBXVariantGroup;
			children = (
				EF0479941D652B8D002E7D92 /* Base */,
			);
			name = LaunchScreen.storyboard;
			sourceTree = "<group>";
		};
/* End PBXVariantGroup section */

/* Begin XCBuildConfiguration section */
		EF04797F1D652846002E7D92 /* Debug */ = {
			isa = XCBuildConfiguration;
			buildSettings = {
				ALWAYS_SEARCH_USER_PATHS = NO;
				CLANG_ANALYZER_NONNULL = YES;
				CLANG_CXX_LANGUAGE_STANDARD = "gnu++0x";
				CLANG_CXX_LIBRARY = "libc++";
				CLANG_ENABLE_MODULES = YES;
				CLANG_ENABLE_OBJC_ARC = YES;
				CLANG_WARN_BOOL_CONVERSION = YES;
				CLANG_WARN_CONSTANT_CONVERSION = YES;
				CLANG_WARN_DIRECT_OBJC_ISA_USAGE = YES_ERROR;
				CLANG_WARN_EMPTY_BODY = YES;
				CLANG_WARN_ENUM_CONVERSION = YES;
				CLANG_WARN_INT_CONVERSION = YES;
				CLANG_WARN_OBJC_ROOT_CLASS = YES_ERROR;
				CLANG_WARN_UNREACHABLE_CODE = YES;
				CLANG_WARN__DUPLICATE_METHOD_MATCH = YES;
				"CODE_SIGN_IDENTITY[sdk=iphoneos*]" = "iPhone Developer";
				COPY_PHASE_STRIP = NO;
				DEBUG_INFORMATION_FORMAT = dwarf;
				ENABLE_STRICT_OBJC_MSGSEND = YES;
				ENABLE_TESTABILITY = YES;
				GCC_C_LANGUAGE_STANDARD = gnu99;
				GCC_DYNAMIC_NO_PIC = NO;
				GCC_NO_COMMON_BLOCKS = YES;
				GCC_OPTIMIZATION_LEVEL = 0;
				GCC_PREPROCESSOR_DEFINITIONS = (
					"DEBUG=1",
					"$(inherited)",
				);
				GCC_WARN_64_TO_32_BIT_CONVERSION = YES;
				GCC_WARN_ABOUT_RETURN_TYPE = YES_ERROR;
				GCC_WARN_UNDECLARED_SELECTOR = YES;
				GCC_WARN_UNINITIALIZED_AUTOS = YES_AGGRESSIVE;
				GCC_WARN_UNUSED_FUNCTION = YES;
				GCC_WARN_UNUSED_VARIABLE = YES;
				IPHONEOS_DEPLOYMENT_TARGET = 9.3;
				MTL_ENABLE_DEBUG_INFO = YES;
				ONLY_ACTIVE_ARCH = YES;
				SDKROOT = iphoneos;
				SWIFT_OPTIMIZATION_LEVEL = "-Onone";
				TARGETED_DEVICE_FAMILY = "1,2";
			};
			name = Debug;
		};
		EF0479801D652846002E7D92 /* Release */ = {
			isa = XCBuildConfiguration;
			buildSettings = {
				ALWAYS_SEARCH_USER_PATHS = NO;
				CLANG_ANALYZER_NONNULL = YES;
				CLANG_CXX_LANGUAGE_STANDARD = "gnu++0x";
				CLANG_CXX_LIBRARY = "libc++";
				CLANG_ENABLE_MODULES = YES;
				CLANG_ENABLE_OBJC_ARC = YES;
				CLANG_WARN_BOOL_CONVERSION = YES;
				CLANG_WARN_CONSTANT_CONVERSION = YES;
				CLANG_WARN_DIRECT_OBJC_ISA_USAGE = YES_ERROR;
				CLANG_WARN_EMPTY_BODY = YES;
				CLANG_WARN_ENUM_CONVERSION = YES;
				CLANG_WARN_INT_CONVERSION = YES;
				CLANG_WARN_OBJC_ROOT_CLASS = YES_ERROR;
				CLANG_WARN_UNREACHABLE_CODE = YES;
				CLANG_WARN__DUPLICATE_METHOD_MATCH = YES;
				"CODE_SIGN_IDENTITY[sdk=iphoneos*]" = "iPhone Developer";
				COPY_PHASE_STRIP = NO;
				DEBUG_INFORMATION_FORMAT = "dwarf-with-dsym";
				ENABLE_NS_ASSERTIONS = NO;
				ENABLE_STRICT_OBJC_MSGSEND = YES;
				GCC_C_LANGUAGE_STANDARD = gnu99;
				GCC_NO_COMMON_BLOCKS = YES;
				GCC_WARN_64_TO_32_BIT_CONVERSION = YES;
				GCC_WARN_ABOUT_RETURN_TYPE = YES_ERROR;
				GCC_WARN_UNDECLARED_SELECTOR = YES;
				GCC_WARN_UNINITIALIZED_AUTOS = YES_AGGRESSIVE;
				GCC_WARN_UNUSED_FUNCTION = YES;
				GCC_WARN_UNUSED_VARIABLE = YES;
				IPHONEOS_DEPLOYMENT_TARGET = 9.3;
				MTL_ENABLE_DEBUG_INFO = NO;
				SDKROOT = iphoneos;
				TARGETED_DEVICE_FAMILY = "1,2";
				VALIDATE_PRODUCT = YES;
			};
			name = Release;
		};
		EF0479821D652846002E7D92 /* Debug */ = {
			isa = XCBuildConfiguration;
			buildSettings = {
				ASSETCATALOG_COMPILER_APPICON_NAME = AppIcon;
				INFOPLIST_FILE = TextFieldTextView/Info.plist;
				LD_RUNPATH_SEARCH_PATHS = "$(inherited) @executable_path/Frameworks";
				PRODUCT_BUNDLE_IDENTIFIER = cn.andyron.TextFieldTextView;
				PRODUCT_NAME = "$(TARGET_NAME)";
			};
			name = Debug;
		};
		EF0479831D652846002E7D92 /* Release */ = {
			isa = XCBuildConfiguration;
			buildSettings = {
				ASSETCATALOG_COMPILER_APPICON_NAME = AppIcon;
				INFOPLIST_FILE = TextFieldTextView/Info.plist;
				LD_RUNPATH_SEARCH_PATHS = "$(inherited) @executable_path/Frameworks";
				PRODUCT_BUNDLE_IDENTIFIER = cn.andyron.TextFieldTextView;
				PRODUCT_NAME = "$(TARGET_NAME)";
			};
			name = Release;
		};
		EF0479981D652B8D002E7D92 /* Debug */ = {
			isa = XCBuildConfiguration;
			buildSettings = {
				ASSETCATALOG_COMPILER_APPICON_NAME = AppIcon;
				INFOPLIST_FILE = "TextFieldTextView-Code/Info.plist";
				LD_RUNPATH_SEARCH_PATHS = "$(inherited) @executable_path/Frameworks";
				PRODUCT_BUNDLE_IDENTIFIER = "cn.andyron.TextFieldTextView-Code";
				PRODUCT_NAME = "$(TARGET_NAME)";
			};
			name = Debug;
		};
		EF0479991D652B8D002E7D92 /* Release */ = {
			isa = XCBuildConfiguration;
			buildSettings = {
				ASSETCATALOG_COMPILER_APPICON_NAME = AppIcon;
				INFOPLIST_FILE = "TextFieldTextView-Code/Info.plist";
				LD_RUNPATH_SEARCH_PATHS = "$(inherited) @executable_path/Frameworks";
				PRODUCT_BUNDLE_IDENTIFIER = "cn.andyron.TextFieldTextView-Code";
				PRODUCT_NAME = "$(TARGET_NAME)";
			};
			name = Release;
		};
/* End XCBuildConfiguration section */

/* Begin XCConfigurationList section */
		EF04796A1D652846002E7D92 /* Build configuration list for PBXProject "TextFieldTextView" */ = {
			isa = XCConfigurationList;
			buildConfigurations = (
				EF04797F1D652846002E7D92 /* Debug */,
				EF0479801D652846002E7D92 /* Release */,
			);
			defaultConfigurationIsVisible = 0;
			defaultConfigurationName = Release;
		};
		EF0479811D652846002E7D92 /* Build configuration list for PBXNativeTarget "TextFieldTextView" */ = {
			isa = XCConfigurationList;
			buildConfigurations = (
				EF0479821D652846002E7D92 /* Debug */,
				EF0479831D652846002E7D92 /* Release */,
			);
			defaultConfigurationIsVisible = 0;
		};
		EF0479971D652B8D002E7D92 /* Build configuration list for PBXNativeTarget "TextFieldTextView-Code" */ = {
			isa = XCConfigurationList;
			buildConfigurations = (
				EF0479981D652B8D002E7D92 /* Debug */,
				EF0479991D652B8D002E7D92 /* Release */,
			);
			defaultConfigurationIsVisible = 0;
		};
/* End XCConfigurationList section */
	};
	rootObject = EF0479671D652846002E7D92 /* Project object */;
}
