// !$*UTF8*$!
{
	archiveVersion = 1;
	classes = {
	};
	objectVersion = 46;
	objects = {

/* Begin PBXBuildFile section */
		EF3CEAA11C7300770083DDEF /* main.m in Sources */ = {isa = PBXBuildFile; fileRef = EF3CEAA01C7300770083DDEF /* main.m */; };
		EF3CEAA41C7300770083DDEF /* AppDelegate.m in Sources */ = {isa = PBXBuildFile; fileRef = EF3CEAA31C7300770083DDEF /* AppDelegate.m */; };
		EF3CEAA71C7300770083DDEF /* ViewController.m in Sources */ = {isa = PBXBuildFile; fileRef = EF3CEAA61C7300770083DDEF /* ViewController.m */; };
		EF3CEAAA1C7300770083DDEF /* Main.storyboard in Resources */ = {isa = PBXBuildFile; fileRef = EF3CEAA81C7300770083DDEF /* Main.storyboard */; };
		EF3CEAAC1C7300770083DDEF /* Assets.xcassets in Resources */ = {isa = PBXBuildFile; fileRef = EF3CEAAB1C7300770083DDEF /* Assets.xcassets */; };
		EF3CEAAF1C7300770083DDEF /* LaunchScreen.storyboard in Resources */ = {isa = PBXBuildFile; fileRef = EF3CEAAD1C7300770083DDEF /* LaunchScreen.storyboard */; };
		EF3CEABA1C7300770083DDEF /* SectionsTests.m in Sources */ = {isa = PBXBuildFile; fileRef = EF3CEAB91C7300770083DDEF /* SectionsTests.m */; };
		EF3CEAC51C7300770083DDEF /* SectionsUITests.m in Sources */ = {isa = PBXBuildFile; fileRef = EF3CEAC41C7300770083DDEF /* SectionsUITests.m */; };
		EF3CEAD31C7302B00083DDEF /* sortednames.plist in Resources */ = {isa = PBXBuildFile; fileRef = EF3CEAD21C7302B00083DDEF /* sortednames.plist */; };
/* End PBXBuildFile section */

/* Begin PBXContainerItemProxy section */
		EF3CEAB61C7300770083DDEF /* PBXContainerItemProxy */ = {
			isa = PBXContainerItemProxy;
			containerPortal = EF3CEA941C7300770083DDEF /* Project object */;
			proxyType = 1;
			remoteGlobalIDString = EF3CEA9B1C7300770083DDEF;
			remoteInfo = Sections;
		};
		EF3CEAC11C7300770083DDEF /* PBXContainerItemProxy */ = {
			isa = PBXContainerItemProxy;
			containerPortal = EF3CEA941C7300770083DDEF /* Project object */;
			proxyType = 1;
			remoteGlobalIDString = EF3CEA9B1C7300770083DDEF;
			remoteInfo = Sections;
		};
/* End PBXContainerItemProxy section */

/* Begin PBXFileReference section */
		EF3CEA9C1C7300770083DDEF /* Sections.app */ = {isa = PBXFileReference; explicitFileType = wrapper.application; includeInIndex = 0; path = Sections.app; sourceTree = BUILT_PRODUCTS_DIR; };
		EF3CEAA01C7300770083DDEF /* main.m */ = {isa = PBXFileReference; lastKnownFileType = sourcecode.c.objc; path = main.m; sourceTree = "<group>"; };
		EF3CEAA21C7300770083DDEF /* AppDelegate.h */ = {isa = PBXFileReference; lastKnownFileType = sourcecode.c.h; path = AppDelegate.h; sourceTree = "<group>"; };
		EF3CEAA31C7300770083DDEF /* AppDelegate.m */ = {isa = PBXFileReference; lastKnownFileType = sourcecode.c.objc; path = AppDelegate.m; sourceTree = "<group>"; };
		EF3CEAA51C7300770083DDEF /* ViewController.h */ = {isa = PBXFileReference; lastKnownFileType = sourcecode.c.h; path = ViewController.h; sourceTree = "<group>"; };
		EF3CEAA61C7300770083DDEF /* ViewController.m */ = {isa = PBXFileReference; lastKnownFileType = sourcecode.c.objc; path = ViewController.m; sourceTree = "<group>"; };
		EF3CEAA91C7300770083DDEF /* Base */ = {isa = PBXFileReference; lastKnownFileType = file.storyboard; name = Base; path = Base.lproj/Main.storyboard; sourceTree = "<group>"; };
		EF3CEAAB1C7300770083DDEF /* Assets.xcassets */ = {isa = PBXFileReference; lastKnownFileType = folder.assetcatalog; path = Assets.xcassets; sourceTree = "<group>"; };
		EF3CEAAE1C7300770083DDEF /* Base */ = {isa = PBXFileReference; lastKnownFileType = file.storyboard; name = Base; path = Base.lproj/LaunchScreen.storyboard; sourceTree = "<group>"; };
		EF3CEAB01C7300770083DDEF /* Info.plist */ = {isa = PBXFileReference; lastKnownFileType = text.plist.xml; path = Info.plist; sourceTree = "<group>"; };
		EF3CEAB51C7300770083DDEF /* SectionsTests.xctest */ = {isa = PBXFileReference; explicitFileType = wrapper.cfbundle; includeInIndex = 0; path = SectionsTests.xctest; sourceTree = BUILT_PRODUCTS_DIR; };
		EF3CEAB91C7300770083DDEF /* SectionsTests.m */ = {isa = PBXFileReference; lastKnownFileType = sourcecode.c.objc; path = SectionsTests.m; sourceTree = "<group>"; };
		EF3CEABB1C7300770083DDEF /* Info.plist */ = {isa = PBXFileReference; lastKnownFileType = text.plist.xml; path = Info.plist; sourceTree = "<group>"; };
		EF3CEAC01C7300770083DDEF /* SectionsUITests.xctest */ = {isa = PBXFileReference; explicitFileType = wrapper.cfbundle; includeInIndex = 0; path = SectionsUITests.xctest; sourceTree = BUILT_PRODUCTS_DIR; };
		EF3CEAC41C7300770083DDEF /* SectionsUITests.m */ = {isa = PBXFileReference; lastKnownFileType = sourcecode.c.objc; path = SectionsUITests.m; sourceTree = "<group>"; };
		EF3CEAC61C7300770083DDEF /* Info.plist */ = {isa = PBXFileReference; lastKnownFileType = text.plist.xml; path = Info.plist; sourceTree = "<group>"; };
		EF3CEAD21C7302B00083DDEF /* sortednames.plist */ = {isa = PBXFileReference; fileEncoding = 4; lastKnownFileType = text.plist.xml; name = sortednames.plist; path = "../../../../../../../../Downloads/书籍等/Beginning iOS 7 Source Code/08 - Sections/Sections/sortednames.plist"; sourceTree = "<group>"; };
/* End PBXFileReference section */

/* Begin PBXFrameworksBuildPhase section */
		EF3CEA991C7300770083DDEF /* Frameworks */ = {
			isa = PBXFrameworksBuildPhase;
			buildActionMask = 2147483647;
			files = (
			);
			runOnlyForDeploymentPostprocessing = 0;
		};
		EF3CEAB21C7300770083DDEF /* Frameworks */ = {
			isa = PBXFrameworksBuildPhase;
			buildActionMask = 2147483647;
			files = (
			);
			runOnlyForDeploymentPostprocessing = 0;
		};
		EF3CEABD1C7300770083DDEF /* Frameworks */ = {
			isa = PBXFrameworksBuildPhase;
			buildActionMask = 2147483647;
			files = (
			);
			runOnlyForDeploymentPostprocessing = 0;
		};
/* End PBXFrameworksBuildPhase section */

/* Begin PBXGroup section */
		EF3CEA931C7300770083DDEF = {
			isa = PBXGroup;
			children = (
				EF3CEA9E1C7300770083DDEF /* Sections */,
				EF3CEAB81C7300770083DDEF /* SectionsTests */,
				EF3CEAC31C7300770083DDEF /* SectionsUITests */,
				EF3CEA9D1C7300770083DDEF /* Products */,
			);
			sourceTree = "<group>";
		};
		EF3CEA9D1C7300770083DDEF /* Products */ = {
			isa = PBXGroup;
			children = (
				EF3CEA9C1C7300770083DDEF /* Sections.app */,
				EF3CEAB51C7300770083DDEF /* SectionsTests.xctest */,
				EF3CEAC01C7300770083DDEF /* SectionsUITests.xctest */,
			);
			name = Products;
			sourceTree = "<group>";
		};
		EF3CEA9E1C7300770083DDEF /* Sections */ = {
			isa = PBXGroup;
			children = (
				EF3CEAD21C7302B00083DDEF /* sortednames.plist */,
				EF3CEAA21C7300770083DDEF /* AppDelegate.h */,
				EF3CEAA31C7300770083DDEF /* AppDelegate.m */,
				EF3CEAA51C7300770083DDEF /* ViewController.h */,
				EF3CEAA61C7300770083DDEF /* ViewController.m */,
				EF3CEAA81C7300770083DDEF /* Main.storyboard */,
				EF3CEAAB1C7300770083DDEF /* Assets.xcassets */,
				EF3CEAAD1C7300770083DDEF /* LaunchScreen.storyboard */,
				EF3CEAB01C7300770083DDEF /* Info.plist */,
				EF3CEA9F1C7300770083DDEF /* Supporting Files */,
			);
			path = Sections;
			sourceTree = "<group>";
		};
		EF3CEA9F1C7300770083DDEF /* Supporting Files */ = {
			isa = PBXGroup;
			children = (
				EF3CEAA01C7300770083DDEF /* main.m */,
			);
			name = "Supporting Files";
			sourceTree = "<group>";
		};
		EF3CEAB81C7300770083DDEF /* SectionsTests */ = {
			isa = PBXGroup;
			children = (
				EF3CEAB91C7300770083DDEF /* SectionsTests.m */,
				EF3CEABB1C7300770083DDEF /* Info.plist */,
			);
			path = SectionsTests;
			sourceTree = "<group>";
		};
		EF3CEAC31C7300770083DDEF /* SectionsUITests */ = {
			isa = PBXGroup;
			children = (
				EF3CEAC41C7300770083DDEF /* SectionsUITests.m */,
				EF3CEAC61C7300770083DDEF /* Info.plist */,
			);
			path = SectionsUITests;
			sourceTree = "<group>";
		};
/* End PBXGroup section */

/* Begin PBXNativeTarget section */
		EF3CEA9B1C7300770083DDEF /* Sections */ = {
			isa = PBXNativeTarget;
			buildConfigurationList = EF3CEAC91C7300770083DDEF /* Build configuration list for PBXNativeTarget "Sections" */;
			buildPhases = (
				EF3CEA981C7300770083DDEF /* Sources */,
				EF3CEA991C7300770083DDEF /* Frameworks */,
				EF3CEA9A1C7300770083DDEF /* Resources */,
			);
			buildRules = (
			);
			dependencies = (
			);
			name = Sections;
			productName = Sections;
			productReference = EF3CEA9C1C7300770083DDEF /* Sections.app */;
			productType = "com.apple.product-type.application";
		};
		EF3CEAB41C7300770083DDEF /* SectionsTests */ = {
			isa = PBXNativeTarget;
			buildConfigurationList = EF3CEACC1C7300770083DDEF /* Build configuration list for PBXNativeTarget "SectionsTests" */;
			buildPhases = (
				EF3CEAB11C7300770083DDEF /* Sources */,
				EF3CEAB21C7300770083DDEF /* Frameworks */,
				EF3CEAB31C7300770083DDEF /* Resources */,
			);
			buildRules = (
			);
			dependencies = (
				EF3CEAB71C7300770083DDEF /* PBXTargetDependency */,
			);
			name = SectionsTests;
			productName = SectionsTests;
			productReference = EF3CEAB51C7300770083DDEF /* SectionsTests.xctest */;
			productType = "com.apple.product-type.bundle.unit-test";
		};
		EF3CEABF1C7300770083DDEF /* SectionsUITests */ = {
			isa = PBXNativeTarget;
			buildConfigurationList = EF3CEACF1C7300770083DDEF /* Build configuration list for PBXNativeTarget "SectionsUITests" */;
			buildPhases = (
				EF3CEABC1C7300770083DDEF /* Sources */,
				EF3CEABD1C7300770083DDEF /* Frameworks */,
				EF3CEABE1C7300770083DDEF /* Resources */,
			);
			buildRules = (
			);
			dependencies = (
				EF3CEAC21C7300770083DDEF /* PBXTargetDependency */,
			);
			name = SectionsUITests;
			productName = SectionsUITests;
			productReference = EF3CEAC01C7300770083DDEF /* SectionsUITests.xctest */;
			productType = "com.apple.product-type.bundle.ui-testing";
		};
/* End PBXNativeTarget section */

/* Begin PBXProject section */
		EF3CEA941C7300770083DDEF /* Project object */ = {
			isa = PBXProject;
			attributes = {
				LastUpgradeCheck = 0720;
				ORGANIZATIONNAME = andyron;
				TargetAttributes = {
					EF3CEA9B1C7300770083DDEF = {
						CreatedOnToolsVersion = 7.2.1;
					};
					EF3CEAB41C7300770083DDEF = {
						CreatedOnToolsVersion = 7.2.1;
						TestTargetID = EF3CEA9B1C7300770083DDEF;
					};
					EF3CEABF1C7300770083DDEF = {
						CreatedOnToolsVersion = 7.2.1;
						TestTargetID = EF3CEA9B1C7300770083DDEF;
					};
				};
			};
			buildConfigurationList = EF3CEA971C7300770083DDEF /* Build configuration list for PBXProject "Sections" */;
			compatibilityVersion = "Xcode 3.2";
			developmentRegion = English;
			hasScannedForEncodings = 0;
			knownRegions = (
				en,
				Base,
			);
			mainGroup = EF3CEA931C7300770083DDEF;
			productRefGroup = EF3CEA9D1C7300770083DDEF /* Products */;
			projectDirPath = "";
			projectRoot = "";
			targets = (
				EF3CEA9B1C7300770083DDEF /* Sections */,
				EF3CEAB41C7300770083DDEF /* SectionsTests */,
				EF3CEABF1C7300770083DDEF /* SectionsUITests */,
			);
		};
/* End PBXProject section */

/* Begin PBXResourcesBuildPhase section */
		EF3CEA9A1C7300770083DDEF /* Resources */ = {
			isa = PBXResourcesBuildPhase;
			buildActionMask = 2147483647;
			files = (
				EF3CEAD31C7302B00083DDEF /* sortednames.plist in Resources */,
				EF3CEAAF1C7300770083DDEF /* LaunchScreen.storyboard in Resources */,
				EF3CEAAC1C7300770083DDEF /* Assets.xcassets in Resources */,
				EF3CEAAA1C7300770083DDEF /* Main.storyboard in Resources */,
			);
			runOnlyForDeploymentPostprocessing = 0;
		};
		EF3CEAB31C7300770083DDEF /* Resources */ = {
			isa = PBXResourcesBuildPhase;
			buildActionMask = 2147483647;
			files = (
			);
			runOnlyForDeploymentPostprocessing = 0;
		};
		EF3CEABE1C7300770083DDEF /* Resources */ = {
			isa = PBXResourcesBuildPhase;
			buildActionMask = 2147483647;
			files = (
			);
			runOnlyForDeploymentPostprocessing = 0;
		};
/* End PBXResourcesBuildPhase section */

/* Begin PBXSourcesBuildPhase section */
		EF3CEA981C7300770083DDEF /* Sources */ = {
			isa = PBXSourcesBuildPhase;
			buildActionMask = 2147483647;
			files = (
				EF3CEAA71C7300770083DDEF /* ViewController.m in Sources */,
				EF3CEAA41C7300770083DDEF /* AppDelegate.m in Sources */,
				EF3CEAA11C7300770083DDEF /* main.m in Sources */,
			);
			runOnlyForDeploymentPostprocessing = 0;
		};
		EF3CEAB11C7300770083DDEF /* Sources */ = {
			isa = PBXSourcesBuildPhase;
			buildActionMask = 2147483647;
			files = (
				EF3CEABA1C7300770083DDEF /* SectionsTests.m in Sources */,
			);
			runOnlyForDeploymentPostprocessing = 0;
		};
		EF3CEABC1C7300770083DDEF /* Sources */ = {
			isa = PBXSourcesBuildPhase;
			buildActionMask = 2147483647;
			files = (
				EF3CEAC51C7300770083DDEF /* SectionsUITests.m in Sources */,
			);
			runOnlyForDeploymentPostprocessing = 0;
		};
/* End PBXSourcesBuildPhase section */

/* Begin PBXTargetDependency section */
		EF3CEAB71C7300770083DDEF /* PBXTargetDependency */ = {
			isa = PBXTargetDependency;
			target = EF3CEA9B1C7300770083DDEF /* Sections */;
			targetProxy = EF3CEAB61C7300770083DDEF /* PBXContainerItemProxy */;
		};
		EF3CEAC21C7300770083DDEF /* PBXTargetDependency */ = {
			isa = PBXTargetDependency;
			target = EF3CEA9B1C7300770083DDEF /* Sections */;
			targetProxy = EF3CEAC11C7300770083DDEF /* PBXContainerItemProxy */;
		};
/* End PBXTargetDependency section */

/* Begin PBXVariantGroup section */
		EF3CEAA81C7300770083DDEF /* Main.storyboard */ = {
			isa = PBXVariantGroup;
			children = (
				EF3CEAA91C7300770083DDEF /* Base */,
			);
			name = Main.storyboard;
			sourceTree = "<group>";
		};
		EF3CEAAD1C7300770083DDEF /* LaunchScreen.storyboard */ = {
			isa = PBXVariantGroup;
			children = (
				EF3CEAAE1C7300770083DDEF /* Base */,
			);
			name = LaunchScreen.storyboard;
			sourceTree = "<group>";
		};
/* End PBXVariantGroup section */

/* Begin XCBuildConfiguration section */
		EF3CEAC71C7300770083DDEF /* Debug */ = {
			isa = XCBuildConfiguration;
			buildSettings = {
				ALWAYS_SEARCH_USER_PATHS = NO;
				CLANG_CXX_LANGUAGE_STANDARD = "gnu++0x";
				CLANG_CXX_LIBRARY = "libc++";
				CLANG_ENABLE_MODULES = YES;
				CLANG_ENABLE_OBJC_ARC = YES;
				CLANG_WARN_BOOL_CONVERSION = YES;
				CLANG_WARN_CONSTANT_CONVERSION = YES;
				CLANG_WARN_DIRECT_OBJC_ISA_USAGE = YES_ERROR;
				CLANG_WARN_EMPTY_BODY = YES;
				CLANG_WARN_ENUM_CONVERSION = YES;
				CLANG_WARN_INT_CONVERSION = YES;
				CLANG_WARN_OBJC_ROOT_CLASS = YES_ERROR;
				CLANG_WARN_UNREACHABLE_CODE = YES;
				CLANG_WARN__DUPLICATE_METHOD_MATCH = YES;
				"CODE_SIGN_IDENTITY[sdk=iphoneos*]" = "iPhone Developer";
				COPY_PHASE_STRIP = NO;
				DEBUG_INFORMATION_FORMAT = dwarf;
				ENABLE_STRICT_OBJC_MSGSEND = YES;
				ENABLE_TESTABILITY = YES;
				GCC_C_LANGUAGE_STANDARD = gnu99;
				GCC_DYNAMIC_NO_PIC = NO;
				GCC_NO_COMMON_BLOCKS = YES;
				GCC_OPTIMIZATION_LEVEL = 0;
				GCC_PREPROCESSOR_DEFINITIONS = (
					"DEBUG=1",
					"$(inherited)",
				);
				GCC_WARN_64_TO_32_BIT_CONVERSION = YES;
				GCC_WARN_ABOUT_RETURN_TYPE = YES_ERROR;
				GCC_WARN_UNDECLARED_SELECTOR = YES;
				GCC_WARN_UNINITIALIZED_AUTOS = YES_AGGRESSIVE;
				GCC_WARN_UNUSED_FUNCTION = YES;
				GCC_WARN_UNUSED_VARIABLE = YES;
				IPHONEOS_DEPLOYMENT_TARGET = 9.2;
				MTL_ENABLE_DEBUG_INFO = YES;
				ONLY_ACTIVE_ARCH = YES;
				SDKROOT = iphoneos;
			};
			name = Debug;
		};
		EF3CEAC81C7300770083DDEF /* Release */ = {
			isa = XCBuildConfiguration;
			buildSettings = {
				ALWAYS_SEARCH_USER_PATHS = NO;
				CLANG_CXX_LANGUAGE_STANDARD = "gnu++0x";
				CLANG_CXX_LIBRARY = "libc++";
				CLANG_ENABLE_MODULES = YES;
				CLANG_ENABLE_OBJC_ARC = YES;
				CLANG_WARN_BOOL_CONVERSION = YES;
				CLANG_WARN_CONSTANT_CONVERSION = YES;
				CLANG_WARN_DIRECT_OBJC_ISA_USAGE = YES_ERROR;
				CLANG_WARN_EMPTY_BODY = YES;
				CLANG_WARN_ENUM_CONVERSION = YES;
				CLANG_WARN_INT_CONVERSION = YES;
				CLANG_WARN_OBJC_ROOT_CLASS = YES_ERROR;
				CLANG_WARN_UNREACHABLE_CODE = YES;
				CLANG_WARN__DUPLICATE_METHOD_MATCH = YES;
				"CODE_SIGN_IDENTITY[sdk=iphoneos*]" = "iPhone Developer";
				COPY_PHASE_STRIP = NO;
				DEBUG_INFORMATION_FORMAT = "dwarf-with-dsym";
				ENABLE_NS_ASSERTIONS = NO;
				ENABLE_STRICT_OBJC_MSGSEND = YES;
				GCC_C_LANGUAGE_STANDARD = gnu99;
				GCC_NO_COMMON_BLOCKS = YES;
				GCC_WARN_64_TO_32_BIT_CONVERSION = YES;
				GCC_WARN_ABOUT_RETURN_TYPE = YES_ERROR;
				GCC_WARN_UNDECLARED_SELECTOR = YES;
				GCC_WARN_UNINITIALIZED_AUTOS = YES_AGGRESSIVE;
				GCC_WARN_UNUSED_FUNCTION = YES;
				GCC_WARN_UNUSED_VARIABLE = YES;
				IPHONEOS_DEPLOYMENT_TARGET = 9.2;
				MTL_ENABLE_DEBUG_INFO = NO;
				SDKROOT = iphoneos;
				VALIDATE_PRODUCT = YES;
			};
			name = Release;
		};
		EF3CEACA1C7300770083DDEF /* Debug */ = {
			isa = XCBuildConfiguration;
			buildSettings = {
				ASSETCATALOG_COMPILER_APPICON_NAME = AppIcon;
				INFOPLIST_FILE = Sections/Info.plist;
				LD_RUNPATH_SEARCH_PATHS = "$(inherited) @executable_path/Frameworks";
				PRODUCT_BUNDLE_IDENTIFIER = com.andyron.Sections;
				PRODUCT_NAME = "$(TARGET_NAME)";
			};
			name = Debug;
		};
		EF3CEACB1C7300770083DDEF /* Release */ = {
			isa = XCBuildConfiguration;
			buildSettings = {
				ASSETCATALOG_COMPILER_APPICON_NAME = AppIcon;
				INFOPLIST_FILE = Sections/Info.plist;
				LD_RUNPATH_SEARCH_PATHS = "$(inherited) @executable_path/Frameworks";
				PRODUCT_BUNDLE_IDENTIFIER = com.andyron.Sections;
				PRODUCT_NAME = "$(TARGET_NAME)";
			};
			name = Release;
		};
		EF3CEACD1C7300770083DDEF /* Debug */ = {
			isa = XCBuildConfiguration;
			buildSettings = {
				BUNDLE_LOADER = "$(TEST_HOST)";
				INFOPLIST_FILE = SectionsTests/Info.plist;
				LD_RUNPATH_SEARCH_PATHS = "$(inherited) @executable_path/Frameworks @loader_path/Frameworks";
				PRODUCT_BUNDLE_IDENTIFIER = com.andyron.SectionsTests;
				PRODUCT_NAME = "$(TARGET_NAME)";
				TEST_HOST = "$(BUILT_PRODUCTS_DIR)/Sections.app/Sections";
			};
			name = Debug;
		};
		EF3CEACE1C7300770083DDEF /* Release */ = {
			isa = XCBuildConfiguration;
			buildSettings = {
				BUNDLE_LOADER = "$(TEST_HOST)";
				INFOPLIST_FILE = SectionsTests/Info.plist;
				LD_RUNPATH_SEARCH_PATHS = "$(inherited) @executable_path/Frameworks @loader_path/Frameworks";
				PRODUCT_BUNDLE_IDENTIFIER = com.andyron.SectionsTests;
				PRODUCT_NAME = "$(TARGET_NAME)";
				TEST_HOST = "$(BUILT_PRODUCTS_DIR)/Sections.app/Sections";
			};
			name = Release;
		};
		EF3CEAD01C7300770083DDEF /* Debug */ = {
			isa = XCBuildConfiguration;
			buildSettings = {
				INFOPLIST_FILE = SectionsUITests/Info.plist;
				LD_RUNPATH_SEARCH_PATHS = "$(inherited) @executable_path/Frameworks @loader_path/Frameworks";
				PRODUCT_BUNDLE_IDENTIFIER = com.andyron.SectionsUITests;
				PRODUCT_NAME = "$(TARGET_NAME)";
				TEST_TARGET_NAME = Sections;
				USES_XCTRUNNER = YES;
			};
			name = Debug;
		};
		EF3CEAD11C7300770083DDEF /* Release */ = {
			isa = XCBuildConfiguration;
			buildSettings = {
				INFOPLIST_FILE = SectionsUITests/Info.plist;
				LD_RUNPATH_SEARCH_PATHS = "$(inherited) @executable_path/Frameworks @loader_path/Frameworks";
				PRODUCT_BUNDLE_IDENTIFIER = com.andyron.SectionsUITests;
				PRODUCT_NAME = "$(TARGET_NAME)";
				TEST_TARGET_NAME = Sections;
				USES_XCTRUNNER = YES;
			};
			name = Release;
		};
/* End XCBuildConfiguration section */

/* Begin XCConfigurationList section */
		EF3CEA971C7300770083DDEF /* Build configuration list for PBXProject "Sections" */ = {
			isa = XCConfigurationList;
			buildConfigurations = (
				EF3CEAC71C7300770083DDEF /* Debug */,
				EF3CEAC81C7300770083DDEF /* Release */,
			);
			defaultConfigurationIsVisible = 0;
			defaultConfigurationName = Release;
		};
		EF3CEAC91C7300770083DDEF /* Build configuration list for PBXNativeTarget "Sections" */ = {
			isa = XCConfigurationList;
			buildConfigurations = (
				EF3CEACA1C7300770083DDEF /* Debug */,
				EF3CEACB1C7300770083DDEF /* Release */,
			);
			defaultConfigurationIsVisible = 0;
			defaultConfigurationName = Release;
		};
		EF3CEACC1C7300770083DDEF /* Build configuration list for PBXNativeTarget "SectionsTests" */ = {
			isa = XCConfigurationList;
			buildConfigurations = (
				EF3CEACD1C7300770083DDEF /* Debug */,
				EF3CEACE1C7300770083DDEF /* Release */,
			);
			defaultConfigurationIsVisible = 0;
			defaultConfigurationName = Release;
		};
		EF3CEACF1C7300770083DDEF /* Build configuration list for PBXNativeTarget "SectionsUITests" */ = {
			isa = XCConfigurationList;
			buildConfigurations = (
				EF3CEAD01C7300770083DDEF /* Debug */,
				EF3CEAD11C7300770083DDEF /* Release */,
			);
			defaultConfigurationIsVisible = 0;
			defaultConfigurationName = Release;
		};
/* End XCConfigurationList section */
	};
	rootObject = EF3CEA941C7300770083DDEF /* Project object */;
}
