// !$*UTF8*$!
{
	archiveVersion = 1;
	classes = {
	};
	objectVersion = 46;
	objects = {

/* Begin PBXBuildFile section */
		EF4286A31D594FD40037D0BC /* AppDelegate.swift in Sources */ = {isa = PBXBuildFile; fileRef = EF4286A21D594FD40037D0BC /* AppDelegate.swift */; };
		EF4286A51D594FD40037D0BC /* ViewController.swift in Sources */ = {isa = PBXBuildFile; fileRef = EF4286A41D594FD40037D0BC /* ViewController.swift */; };
		EF4286A81D594FD40037D0BC /* Main.storyboard in Resources */ = {isa = PBXBuildFile; fileRef = EF4286A61D594FD40037D0BC /* Main.storyboard */; };
		EF4286AA1D594FD40037D0BC /* Assets.xcassets in Resources */ = {isa = PBXBuildFile; fileRef = EF4286A91D594FD40037D0BC /* Assets.xcassets */; };
		EF4286AD1D594FD40037D0BC /* LaunchScreen.storyboard in Resources */ = {isa = PBXBuildFile; fileRef = EF4286AB1D594FD40037D0BC /* LaunchScreen.storyboard */; };
		EF4286BB1D5950E40037D0BC /* AppDelegate.swift in Sources */ = {isa = PBXBuildFile; fileRef = EF4286BA1D5950E40037D0BC /* AppDelegate.swift */; };
		EF4286BD1D5950E40037D0BC /* ViewController.swift in Sources */ = {isa = PBXBuildFile; fileRef = EF4286BC1D5950E40037D0BC /* ViewController.swift */; };
		EF4286C01D5950E40037D0BC /* Main.storyboard in Resources */ = {isa = PBXBuildFile; fileRef = EF4286BE1D5950E40037D0BC /* Main.storyboard */; };
		EF4286C21D5950E40037D0BC /* Assets.xcassets in Resources */ = {isa = PBXBuildFile; fileRef = EF4286C11D5950E40037D0BC /* Assets.xcassets */; };
		EF4286C51D5950E40037D0BC /* LaunchScreen.storyboard in Resources */ = {isa = PBXBuildFile; fileRef = EF4286C31D5950E40037D0BC /* LaunchScreen.storyboard */; };
/* End PBXBuildFile section */

/* Begin PBXFileReference section */
		EF42869F1D594FD40037D0BC /* LabelButton.app */ = {isa = PBXFileReference; explicitFileType = wrapper.application; includeInIndex = 0; path = LabelButton.app; sourceTree = BUILT_PRODUCTS_DIR; };
		EF4286A21D594FD40037D0BC /* AppDelegate.swift */ = {isa = PBXFileReference; lastKnownFileType = sourcecode.swift; path = AppDelegate.swift; sourceTree = "<group>"; };
		EF4286A41D594FD40037D0BC /* ViewController.swift */ = {isa = PBXFileReference; lastKnownFileType = sourcecode.swift; path = ViewController.swift; sourceTree = "<group>"; };
		EF4286A71D594FD40037D0BC /* Base */ = {isa = PBXFileReference; lastKnownFileType = file.storyboard; name = Base; path = Base.lproj/Main.storyboard; sourceTree = "<group>"; };
		EF4286A91D594FD40037D0BC /* Assets.xcassets */ = {isa = PBXFileReference; lastKnownFileType = folder.assetcatalog; path = Assets.xcassets; sourceTree = "<group>"; };
		EF4286AC1D594FD40037D0BC /* Base */ = {isa = PBXFileReference; lastKnownFileType = file.storyboard; name = Base; path = Base.lproj/LaunchScreen.storyboard; sourceTree = "<group>"; };
		EF4286AE1D594FD40037D0BC /* Info.plist */ = {isa = PBXFileReference; lastKnownFileType = text.plist.xml; path = Info.plist; sourceTree = "<group>"; };
		EF4286B81D5950E40037D0BC /* Code.app */ = {isa = PBXFileReference; explicitFileType = wrapper.application; includeInIndex = 0; path = Code.app; sourceTree = BUILT_PRODUCTS_DIR; };
		EF4286BA1D5950E40037D0BC /* AppDelegate.swift */ = {isa = PBXFileReference; lastKnownFileType = sourcecode.swift; path = AppDelegate.swift; sourceTree = "<group>"; };
		EF4286BC1D5950E40037D0BC /* ViewController.swift */ = {isa = PBXFileReference; lastKnownFileType = sourcecode.swift; path = ViewController.swift; sourceTree = "<group>"; };
		EF4286BF1D5950E40037D0BC /* Base */ = {isa = PBXFileReference; lastKnownFileType = file.storyboard; name = Base; path = Base.lproj/Main.storyboard; sourceTree = "<group>"; };
		EF4286C11D5950E40037D0BC /* Assets.xcassets */ = {isa = PBXFileReference; lastKnownFileType = folder.assetcatalog; path = Assets.xcassets; sourceTree = "<group>"; };
		EF4286C41D5950E40037D0BC /* Base */ = {isa = PBXFileReference; lastKnownFileType = file.storyboard; name = Base; path = Base.lproj/LaunchScreen.storyboard; sourceTree = "<group>"; };
		EF4286C61D5950E40037D0BC /* Info.plist */ = {isa = PBXFileReference; lastKnownFileType = text.plist.xml; path = Info.plist; sourceTree = "<group>"; };
/* End PBXFileReference section */

/* Begin PBXFrameworksBuildPhase section */
		EF42869C1D594FD40037D0BC /* Frameworks */ = {
			isa = PBXFrameworksBuildPhase;
			buildActionMask = 2147483647;
			files = (
			);
			runOnlyForDeploymentPostprocessing = 0;
		};
		EF4286B51D5950E40037D0BC /* Frameworks */ = {
			isa = PBXFrameworksBuildPhase;
			buildActionMask = 2147483647;
			files = (
			);
			runOnlyForDeploymentPostprocessing = 0;
		};
/* End PBXFrameworksBuildPhase section */

/* Begin PBXGroup section */
		EF4286961D594FD30037D0BC = {
			isa = PBXGroup;
			children = (
				EF4286A11D594FD40037D0BC /* LabelButton */,
				EF4286B91D5950E40037D0BC /* Code */,
				EF4286A01D594FD40037D0BC /* Products */,
			);
			sourceTree = "<group>";
		};
		EF4286A01D594FD40037D0BC /* Products */ = {
			isa = PBXGroup;
			children = (
				EF42869F1D594FD40037D0BC /* LabelButton.app */,
				EF4286B81D5950E40037D0BC /* Code.app */,
			);
			name = Products;
			sourceTree = "<group>";
		};
		EF4286A11D594FD40037D0BC /* LabelButton */ = {
			isa = PBXGroup;
			children = (
				EF4286A21D594FD40037D0BC /* AppDelegate.swift */,
				EF4286A41D594FD40037D0BC /* ViewController.swift */,
				EF4286A61D594FD40037D0BC /* Main.storyboard */,
				EF4286A91D594FD40037D0BC /* Assets.xcassets */,
				EF4286AB1D594FD40037D0BC /* LaunchScreen.storyboard */,
				EF4286AE1D594FD40037D0BC /* Info.plist */,
			);
			path = LabelButton;
			sourceTree = "<group>";
		};
		EF4286B91D5950E40037D0BC /* Code */ = {
			isa = PBXGroup;
			children = (
				EF4286BA1D5950E40037D0BC /* AppDelegate.swift */,
				EF4286BC1D5950E40037D0BC /* ViewController.swift */,
				EF4286BE1D5950E40037D0BC /* Main.storyboard */,
				EF4286C11D5950E40037D0BC /* Assets.xcassets */,
				EF4286C31D5950E40037D0BC /* LaunchScreen.storyboard */,
				EF4286C61D5950E40037D0BC /* Info.plist */,
			);
			path = Code;
			sourceTree = "<group>";
		};
/* End PBXGroup section */

/* Begin PBXNativeTarget section */
		EF42869E1D594FD40037D0BC /* LabelButton */ = {
			isa = PBXNativeTarget;
			buildConfigurationList = EF4286B11D594FD40037D0BC /* Build configuration list for PBXNativeTarget "LabelButton" */;
			buildPhases = (
				EF42869B1D594FD40037D0BC /* Sources */,
				EF42869C1D594FD40037D0BC /* Frameworks */,
				EF42869D1D594FD40037D0BC /* Resources */,
			);
			buildRules = (
			);
			dependencies = (
			);
			name = LabelButton;
			productName = LabelButton;
			productReference = EF42869F1D594FD40037D0BC /* LabelButton.app */;
			productType = "com.apple.product-type.application";
		};
		EF4286B71D5950E40037D0BC /* Code */ = {
			isa = PBXNativeTarget;
			buildConfigurationList = EF4286C71D5950E40037D0BC /* Build configuration list for PBXNativeTarget "Code" */;
			buildPhases = (
				EF4286B41D5950E40037D0BC /* Sources */,
				EF4286B51D5950E40037D0BC /* Frameworks */,
				EF4286B61D5950E40037D0BC /* Resources */,
			);
			buildRules = (
			);
			dependencies = (
			);
			name = Code;
			productName = Code;
			productReference = EF4286B81D5950E40037D0BC /* Code.app */;
			productType = "com.apple.product-type.application";
		};
/* End PBXNativeTarget section */

/* Begin PBXProject section */
		EF4286971D594FD30037D0BC /* Project object */ = {
			isa = PBXProject;
			attributes = {
				LastSwiftUpdateCheck = 0730;
				LastUpgradeCheck = 0730;
				ORGANIZATIONNAME = andyron;
				TargetAttributes = {
					EF42869E1D594FD40037D0BC = {
						CreatedOnToolsVersion = 7.3.1;
					};
					EF4286B71D5950E40037D0BC = {
						CreatedOnToolsVersion = 7.3.1;
					};
				};
			};
			buildConfigurationList = EF42869A1D594FD30037D0BC /* Build configuration list for PBXProject "LabelButton" */;
			compatibilityVersion = "Xcode 3.2";
			developmentRegion = English;
			hasScannedForEncodings = 0;
			knownRegions = (
				en,
				Base,
			);
			mainGroup = EF4286961D594FD30037D0BC;
			productRefGroup = EF4286A01D594FD40037D0BC /* Products */;
			projectDirPath = "";
			projectRoot = "";
			targets = (
				EF42869E1D594FD40037D0BC /* LabelButton */,
				EF4286B71D5950E40037D0BC /* Code */,
			);
		};
/* End PBXProject section */

/* Begin PBXResourcesBuildPhase section */
		EF42869D1D594FD40037D0BC /* Resources */ = {
			isa = PBXResourcesBuildPhase;
			buildActionMask = 2147483647;
			files = (
				EF4286AD1D594FD40037D0BC /* LaunchScreen.storyboard in Resources */,
				EF4286AA1D594FD40037D0BC /* Assets.xcassets in Resources */,
				EF4286A81D594FD40037D0BC /* Main.storyboard in Resources */,
			);
			runOnlyForDeploymentPostprocessing = 0;
		};
		EF4286B61D5950E40037D0BC /* Resources */ = {
			isa = PBXResourcesBuildPhase;
			buildActionMask = 2147483647;
			files = (
				EF4286C51D5950E40037D0BC /* LaunchScreen.storyboard in Resources */,
				EF4286C21D5950E40037D0BC /* Assets.xcassets in Resources */,
				EF4286C01D5950E40037D0BC /* Main.storyboard in Resources */,
			);
			runOnlyForDeploymentPostprocessing = 0;
		};
/* End PBXResourcesBuildPhase section */

/* Begin PBXSourcesBuildPhase section */
		EF42869B1D594FD40037D0BC /* Sources */ = {
			isa = PBXSourcesBuildPhase;
			buildActionMask = 2147483647;
			files = (
				EF4286A51D594FD40037D0BC /* ViewController.swift in Sources */,
				EF4286A31D594FD40037D0BC /* AppDelegate.swift in Sources */,
			);
			runOnlyForDeploymentPostprocessing = 0;
		};
		EF4286B41D5950E40037D0BC /* Sources */ = {
			isa = PBXSourcesBuildPhase;
			buildActionMask = 2147483647;
			files = (
				EF4286BD1D5950E40037D0BC /* ViewController.swift in Sources */,
				EF4286BB1D5950E40037D0BC /* AppDelegate.swift in Sources */,
			);
			runOnlyForDeploymentPostprocessing = 0;
		};
/* End PBXSourcesBuildPhase section */

/* Begin PBXVariantGroup section */
		EF4286A61D594FD40037D0BC /* Main.storyboard */ = {
			isa = PBXVariantGroup;
			children = (
				EF4286A71D594FD40037D0BC /* Base */,
			);
			name = Main.storyboard;
			sourceTree = "<group>";
		};
		EF4286AB1D594FD40037D0BC /* LaunchScreen.storyboard */ = {
			isa = PBXVariantGroup;
			children = (
				EF4286AC1D594FD40037D0BC /* Base */,
			);
			name = LaunchScreen.storyboard;
			sourceTree = "<group>";
		};
		EF4286BE1D5950E40037D0BC /* Main.storyboard */ = {
			isa = PBXVariantGroup;
			children = (
				EF4286BF1D5950E40037D0BC /* Base */,
			);
			name = Main.storyboard;
			sourceTree = "<group>";
		};
		EF4286C31D5950E40037D0BC /* LaunchScreen.storyboard */ = {
			isa = PBXVariantGroup;
			children = (
				EF4286C41D5950E40037D0BC /* Base */,
			);
			name = LaunchScreen.storyboard;
			sourceTree = "<group>";
		};
/* End PBXVariantGroup section */

/* Begin XCBuildConfiguration section */
		EF4286AF1D594FD40037D0BC /* Debug */ = {
			isa = XCBuildConfiguration;
			buildSettings = {
				ALWAYS_SEARCH_USER_PATHS = NO;
				CLANG_ANALYZER_NONNULL = YES;
				CLANG_CXX_LANGUAGE_STANDARD = "gnu++0x";
				CLANG_CXX_LIBRARY = "libc++";
				CLANG_ENABLE_MODULES = YES;
				CLANG_ENABLE_OBJC_ARC = YES;
				CLANG_WARN_BOOL_CONVERSION = YES;
				CLANG_WARN_CONSTANT_CONVERSION = YES;
				CLANG_WARN_DIRECT_OBJC_ISA_USAGE = YES_ERROR;
				CLANG_WARN_EMPTY_BODY = YES;
				CLANG_WARN_ENUM_CONVERSION = YES;
				CLANG_WARN_INT_CONVERSION = YES;
				CLANG_WARN_OBJC_ROOT_CLASS = YES_ERROR;
				CLANG_WARN_UNREACHABLE_CODE = YES;
				CLANG_WARN__DUPLICATE_METHOD_MATCH = YES;
				"CODE_SIGN_IDENTITY[sdk=iphoneos*]" = "iPhone Developer";
				COPY_PHASE_STRIP = NO;
				DEBUG_INFORMATION_FORMAT = dwarf;
				ENABLE_STRICT_OBJC_MSGSEND = YES;
				ENABLE_TESTABILITY = YES;
				GCC_C_LANGUAGE_STANDARD = gnu99;
				GCC_DYNAMIC_NO_PIC = NO;
				GCC_NO_COMMON_BLOCKS = YES;
				GCC_OPTIMIZATION_LEVEL = 0;
				GCC_PREPROCESSOR_DEFINITIONS = (
					"DEBUG=1",
					"$(inherited)",
				);
				GCC_WARN_64_TO_32_BIT_CONVERSION = YES;
				GCC_WARN_ABOUT_RETURN_TYPE = YES_ERROR;
				GCC_WARN_UNDECLARED_SELECTOR = YES;
				GCC_WARN_UNINITIALIZED_AUTOS = YES_AGGRESSIVE;
				GCC_WARN_UNUSED_FUNCTION = YES;
				GCC_WARN_UNUSED_VARIABLE = YES;
				IPHONEOS_DEPLOYMENT_TARGET = 9.3;
				MTL_ENABLE_DEBUG_INFO = YES;
				ONLY_ACTIVE_ARCH = YES;
				SDKROOT = iphoneos;
				SWIFT_OPTIMIZATION_LEVEL = "-Onone";
				TARGETED_DEVICE_FAMILY = "1,2";
			};
			name = Debug;
		};
		EF4286B01D594FD40037D0BC /* Release */ = {
			isa = XCBuildConfiguration;
			buildSettings = {
				ALWAYS_SEARCH_USER_PATHS = NO;
				CLANG_ANALYZER_NONNULL = YES;
				CLANG_CXX_LANGUAGE_STANDARD = "gnu++0x";
				CLANG_CXX_LIBRARY = "libc++";
				CLANG_ENABLE_MODULES = YES;
				CLANG_ENABLE_OBJC_ARC = YES;
				CLANG_WARN_BOOL_CONVERSION = YES;
				CLANG_WARN_CONSTANT_CONVERSION = YES;
				CLANG_WARN_DIRECT_OBJC_ISA_USAGE = YES_ERROR;
				CLANG_WARN_EMPTY_BODY = YES;
				CLANG_WARN_ENUM_CONVERSION = YES;
				CLANG_WARN_INT_CONVERSION = YES;
				CLANG_WARN_OBJC_ROOT_CLASS = YES_ERROR;
				CLANG_WARN_UNREACHABLE_CODE = YES;
				CLANG_WARN__DUPLICATE_METHOD_MATCH = YES;
				"CODE_SIGN_IDENTITY[sdk=iphoneos*]" = "iPhone Developer";
				COPY_PHASE_STRIP = NO;
				DEBUG_INFORMATION_FORMAT = "dwarf-with-dsym";
				ENABLE_NS_ASSERTIONS = NO;
				ENABLE_STRICT_OBJC_MSGSEND = YES;
				GCC_C_LANGUAGE_STANDARD = gnu99;
				GCC_NO_COMMON_BLOCKS = YES;
				GCC_WARN_64_TO_32_BIT_CONVERSION = YES;
				GCC_WARN_ABOUT_RETURN_TYPE = YES_ERROR;
				GCC_WARN_UNDECLARED_SELECTOR = YES;
				GCC_WARN_UNINITIALIZED_AUTOS = YES_AGGRESSIVE;
				GCC_WARN_UNUSED_FUNCTION = YES;
				GCC_WARN_UNUSED_VARIABLE = YES;
				IPHONEOS_DEPLOYMENT_TARGET = 9.3;
				MTL_ENABLE_DEBUG_INFO = NO;
				SDKROOT = iphoneos;
				TARGETED_DEVICE_FAMILY = "1,2";
				VALIDATE_PRODUCT = YES;
			};
			name = Release;
		};
		EF4286B21D594FD40037D0BC /* Debug */ = {
			isa = XCBuildConfiguration;
			buildSettings = {
				ASSETCATALOG_COMPILER_APPICON_NAME = AppIcon;
				INFOPLIST_FILE = LabelButton/Info.plist;
				LD_RUNPATH_SEARCH_PATHS = "$(inherited) @executable_path/Frameworks";
				PRODUCT_BUNDLE_IDENTIFIER = cn.andyron.LabelButton;
				PRODUCT_NAME = "$(TARGET_NAME)";
			};
			name = Debug;
		};
		EF4286B31D594FD40037D0BC /* Release */ = {
			isa = XCBuildConfiguration;
			buildSettings = {
				ASSETCATALOG_COMPILER_APPICON_NAME = AppIcon;
				INFOPLIST_FILE = LabelButton/Info.plist;
				LD_RUNPATH_SEARCH_PATHS = "$(inherited) @executable_path/Frameworks";
				PRODUCT_BUNDLE_IDENTIFIER = cn.andyron.LabelButton;
				PRODUCT_NAME = "$(TARGET_NAME)";
			};
			name = Release;
		};
		EF4286C81D5950E40037D0BC /* Debug */ = {
			isa = XCBuildConfiguration;
			buildSettings = {
				ASSETCATALOG_COMPILER_APPICON_NAME = AppIcon;
				INFOPLIST_FILE = Code/Info.plist;
				LD_RUNPATH_SEARCH_PATHS = "$(inherited) @executable_path/Frameworks";
				PRODUCT_BUNDLE_IDENTIFIER = cn.andyron.Code;
				PRODUCT_NAME = "$(TARGET_NAME)";
			};
			name = Debug;
		};
		EF4286C91D5950E40037D0BC /* Release */ = {
			isa = XCBuildConfiguration;
			buildSettings = {
				ASSETCATALOG_COMPILER_APPICON_NAME = AppIcon;
				INFOPLIST_FILE = Code/Info.plist;
				LD_RUNPATH_SEARCH_PATHS = "$(inherited) @executable_path/Frameworks";
				PRODUCT_BUNDLE_IDENTIFIER = cn.andyron.Code;
				PRODUCT_NAME = "$(TARGET_NAME)";
			};
			name = Release;
		};
/* End XCBuildConfiguration section */

/* Begin XCConfigurationList section */
		EF42869A1D594FD30037D0BC /* Build configuration list for PBXProject "LabelButton" */ = {
			isa = XCConfigurationList;
			buildConfigurations = (
				EF4286AF1D594FD40037D0BC /* Debug */,
				EF4286B01D594FD40037D0BC /* Release */,
			);
			defaultConfigurationIsVisible = 0;
			defaultConfigurationName = Release;
		};
		EF4286B11D594FD40037D0BC /* Build configuration list for PBXNativeTarget "LabelButton" */ = {
			isa = XCConfigurationList;
			buildConfigurations = (
				EF4286B21D594FD40037D0BC /* Debug */,
				EF4286B31D594FD40037D0BC /* Release */,
			);
			defaultConfigurationIsVisible = 0;
		};
		EF4286C71D5950E40037D0BC /* Build configuration list for PBXNativeTarget "Code" */ = {
			isa = XCConfigurationList;
			buildConfigurations = (
				EF4286C81D5950E40037D0BC /* Debug */,
				EF4286C91D5950E40037D0BC /* Release */,
			);
			defaultConfigurationIsVisible = 0;
		};
/* End XCConfigurationList section */
	};
	rootObject = EF4286971D594FD30037D0BC /* Project object */;
}
