// !$*UTF8*$!
{
	archiveVersion = 1;
	classes = {
	};
	objectVersion = 46;
	objects = {

/* Begin PBXBuildFile section */
		EFE8871A1D9A6B3500420C8E /* AppDelegate.swift in Sources */ = {isa = PBXBuildFile; fileRef = EFE887191D9A6B3500420C8E /* AppDelegate.swift */; };
		EFE8871C1D9A6B3500420C8E /* ViewController.swift in Sources */ = {isa = PBXBuildFile; fileRef = EFE8871B1D9A6B3500420C8E /* ViewController.swift */; };
		EFE8871F1D9A6B3500420C8E /* Main.storyboard in Resources */ = {isa = PBXBuildFile; fileRef = EFE8871D1D9A6B3500420C8E /* Main.storyboard */; };
		EFE887211D9A6B3500420C8E /* Assets.xcassets in Resources */ = {isa = PBXBuildFile; fileRef = EFE887201D9A6B3500420C8E /* Assets.xcassets */; };
		EFE887241D9A6B3500420C8E /* LaunchScreen.storyboard in Resources */ = {isa = PBXBuildFile; fileRef = EFE887221D9A6B3500420C8E /* LaunchScreen.storyboard */; };
		EFE887681D9A6BEA00420C8E /* MJArgument.m in Sources */ = {isa = PBXBuildFile; fileRef = EFE887301D9A6BEA00420C8E /* MJArgument.m */; };
		EFE887691D9A6BEA00420C8E /* MJConst.m in Sources */ = {isa = PBXBuildFile; fileRef = EFE887321D9A6BEA00420C8E /* MJConst.m */; };
		EFE8876A1D9A6BEA00420C8E /* MJFoundation.m in Sources */ = {isa = PBXBuildFile; fileRef = EFE887351D9A6BEA00420C8E /* MJFoundation.m */; };
		EFE8876B1D9A6BEA00420C8E /* MJIvar.m in Sources */ = {isa = PBXBuildFile; fileRef = EFE887371D9A6BEA00420C8E /* MJIvar.m */; };
		EFE8876C1D9A6BEA00420C8E /* MJMember.m in Sources */ = {isa = PBXBuildFile; fileRef = EFE887391D9A6BEA00420C8E /* MJMember.m */; };
		EFE8876D1D9A6BEA00420C8E /* MJMethod.m in Sources */ = {isa = PBXBuildFile; fileRef = EFE8873B1D9A6BEA00420C8E /* MJMethod.m */; };
		EFE8876E1D9A6BEA00420C8E /* MJType.m in Sources */ = {isa = PBXBuildFile; fileRef = EFE8873D1D9A6BEA00420C8E /* MJType.m */; };
		EFE8876F1D9A6BEA00420C8E /* MJTypeEncoding.m in Sources */ = {isa = PBXBuildFile; fileRef = EFE8873F1D9A6BEA00420C8E /* MJTypeEncoding.m */; };
		EFE887701D9A6BEA00420C8E /* NSObject+MJCoding.m in Sources */ = {isa = PBXBuildFile; fileRef = EFE887411D9A6BEA00420C8E /* NSObject+MJCoding.m */; };
		EFE887711D9A6BEA00420C8E /* NSObject+MJKeyValue.m in Sources */ = {isa = PBXBuildFile; fileRef = EFE887431D9A6BEA00420C8E /* NSObject+MJKeyValue.m */; };
		EFE887721D9A6BEA00420C8E /* NSObject+MJMember.m in Sources */ = {isa = PBXBuildFile; fileRef = EFE887451D9A6BEA00420C8E /* NSObject+MJMember.m */; };
		EFE887731D9A6BEA00420C8E /* MKAnnotationView+WebCache.m in Sources */ = {isa = PBXBuildFile; fileRef = EFE887481D9A6BEA00420C8E /* MKAnnotationView+WebCache.m */; };
		EFE887741D9A6BEA00420C8E /* NSData+ImageContentType.m in Sources */ = {isa = PBXBuildFile; fileRef = EFE8874A1D9A6BEA00420C8E /* NSData+ImageContentType.m */; };
		EFE887751D9A6BEA00420C8E /* SDImageCache.m in Sources */ = {isa = PBXBuildFile; fileRef = EFE8874C1D9A6BEA00420C8E /* SDImageCache.m */; };
		EFE887761D9A6BEA00420C8E /* SDWebImageCompat.m in Sources */ = {isa = PBXBuildFile; fileRef = EFE8874E1D9A6BEA00420C8E /* SDWebImageCompat.m */; };
		EFE887771D9A6BEA00420C8E /* SDWebImageDecoder.m in Sources */ = {isa = PBXBuildFile; fileRef = EFE887501D9A6BEA00420C8E /* SDWebImageDecoder.m */; };
		EFE887781D9A6BEA00420C8E /* SDWebImageDownloader.m in Sources */ = {isa = PBXBuildFile; fileRef = EFE887521D9A6BEA00420C8E /* SDWebImageDownloader.m */; };
		EFE887791D9A6BEA00420C8E /* SDWebImageDownloaderOperation.m in Sources */ = {isa = PBXBuildFile; fileRef = EFE887541D9A6BEA00420C8E /* SDWebImageDownloaderOperation.m */; };
		EFE8877A1D9A6BEA00420C8E /* SDWebImageManager.m in Sources */ = {isa = PBXBuildFile; fileRef = EFE887561D9A6BEA00420C8E /* SDWebImageManager.m */; };
		EFE8877B1D9A6BEA00420C8E /* SDWebImagePrefetcher.m in Sources */ = {isa = PBXBuildFile; fileRef = EFE887591D9A6BEA00420C8E /* SDWebImagePrefetcher.m */; };
		EFE8877C1D9A6BEA00420C8E /* UIButton+WebCache.m in Sources */ = {isa = PBXBuildFile; fileRef = EFE8875B1D9A6BEA00420C8E /* UIButton+WebCache.m */; };
		EFE8877D1D9A6BEA00420C8E /* UIImage+GIF.m in Sources */ = {isa = PBXBuildFile; fileRef = EFE8875D1D9A6BEA00420C8E /* UIImage+GIF.m */; };
		EFE8877E1D9A6BEA00420C8E /* UIImage+MultiFormat.m in Sources */ = {isa = PBXBuildFile; fileRef = EFE8875F1D9A6BEA00420C8E /* UIImage+MultiFormat.m */; };
		EFE8877F1D9A6BEA00420C8E /* UIImage+WebP.m in Sources */ = {isa = PBXBuildFile; fileRef = EFE887611D9A6BEA00420C8E /* UIImage+WebP.m */; };
		EFE887801D9A6BEA00420C8E /* UIImageView+HighlightedWebCache.m in Sources */ = {isa = PBXBuildFile; fileRef = EFE887631D9A6BEA00420C8E /* UIImageView+HighlightedWebCache.m */; };
		EFE887811D9A6BEA00420C8E /* UIImageView+WebCache.m in Sources */ = {isa = PBXBuildFile; fileRef = EFE887651D9A6BEA00420C8E /* UIImageView+WebCache.m */; };
		EFE887821D9A6BEA00420C8E /* UIView+WebCacheOperation.m in Sources */ = {isa = PBXBuildFile; fileRef = EFE887671D9A6BEA00420C8E /* UIView+WebCacheOperation.m */; };
		EFE887861D9A6C8100420C8E /* 1.plist in Resources */ = {isa = PBXBuildFile; fileRef = EFE887831D9A6C8100420C8E /* 1.plist */; };
		EFE887871D9A6C8100420C8E /* 2.plist in Resources */ = {isa = PBXBuildFile; fileRef = EFE887841D9A6C8100420C8E /* 2.plist */; };
		EFE887881D9A6C8100420C8E /* 3.plist in Resources */ = {isa = PBXBuildFile; fileRef = EFE887851D9A6C8100420C8E /* 3.plist */; };
		EFE8878A1D9A6DB000420C8E /* shopModel.swift in Sources */ = {isa = PBXBuildFile; fileRef = EFE887891D9A6DB000420C8E /* shopModel.swift */; };
/* End PBXBuildFile section */

/* Begin PBXFileReference section */
		EFE887161D9A6B3500420C8E /* 瀑布流Swift.app */ = {isa = PBXFileReference; explicitFileType = wrapper.application; includeInIndex = 0; path = "瀑布流Swift.app"; sourceTree = BUILT_PRODUCTS_DIR; };
		EFE887191D9A6B3500420C8E /* AppDelegate.swift */ = {isa = PBXFileReference; lastKnownFileType = sourcecode.swift; path = AppDelegate.swift; sourceTree = "<group>"; };
		EFE8871B1D9A6B3500420C8E /* ViewController.swift */ = {isa = PBXFileReference; lastKnownFileType = sourcecode.swift; path = ViewController.swift; sourceTree = "<group>"; };
		EFE8871E1D9A6B3500420C8E /* Base */ = {isa = PBXFileReference; lastKnownFileType = file.storyboard; name = Base; path = Base.lproj/Main.storyboard; sourceTree = "<group>"; };
		EFE887201D9A6B3500420C8E /* Assets.xcassets */ = {isa = PBXFileReference; lastKnownFileType = folder.assetcatalog; path = Assets.xcassets; sourceTree = "<group>"; };
		EFE887231D9A6B3500420C8E /* Base */ = {isa = PBXFileReference; lastKnownFileType = file.storyboard; name = Base; path = Base.lproj/LaunchScreen.storyboard; sourceTree = "<group>"; };
		EFE887251D9A6B3500420C8E /* Info.plist */ = {isa = PBXFileReference; lastKnownFileType = text.plist.xml; path = Info.plist; sourceTree = "<group>"; };
		EFE8872F1D9A6BEA00420C8E /* MJArgument.h */ = {isa = PBXFileReference; fileEncoding = 4; lastKnownFileType = sourcecode.c.h; path = MJArgument.h; sourceTree = "<group>"; };
		EFE887301D9A6BEA00420C8E /* MJArgument.m */ = {isa = PBXFileReference; fileEncoding = 4; lastKnownFileType = sourcecode.c.objc; path = MJArgument.m; sourceTree = "<group>"; };
		EFE887311D9A6BEA00420C8E /* MJConst.h */ = {isa = PBXFileReference; fileEncoding = 4; lastKnownFileType = sourcecode.c.h; path = MJConst.h; sourceTree = "<group>"; };
		EFE887321D9A6BEA00420C8E /* MJConst.m */ = {isa = PBXFileReference; fileEncoding = 4; lastKnownFileType = sourcecode.c.objc; path = MJConst.m; sourceTree = "<group>"; };
		EFE887331D9A6BEA00420C8E /* MJExtension.h */ = {isa = PBXFileReference; fileEncoding = 4; lastKnownFileType = sourcecode.c.h; path = MJExtension.h; sourceTree = "<group>"; };
		EFE887341D9A6BEA00420C8E /* MJFoundation.h */ = {isa = PBXFileReference; fileEncoding = 4; lastKnownFileType = sourcecode.c.h; path = MJFoundation.h; sourceTree = "<group>"; };
		EFE887351D9A6BEA00420C8E /* MJFoundation.m */ = {isa = PBXFileReference; fileEncoding = 4; lastKnownFileType = sourcecode.c.objc; path = MJFoundation.m; sourceTree = "<group>"; };
		EFE887361D9A6BEA00420C8E /* MJIvar.h */ = {isa = PBXFileReference; fileEncoding = 4; lastKnownFileType = sourcecode.c.h; path = MJIvar.h; sourceTree = "<group>"; };
		EFE887371D9A6BEA00420C8E /* MJIvar.m */ = {isa = PBXFileReference; fileEncoding = 4; lastKnownFileType = sourcecode.c.objc; path = MJIvar.m; sourceTree = "<group>"; };
		EFE887381D9A6BEA00420C8E /* MJMember.h */ = {isa = PBXFileReference; fileEncoding = 4; lastKnownFileType = sourcecode.c.h; path = MJMember.h; sourceTree = "<group>"; };
		EFE887391D9A6BEA00420C8E /* MJMember.m */ = {isa = PBXFileReference; fileEncoding = 4; lastKnownFileType = sourcecode.c.objc; path = MJMember.m; sourceTree = "<group>"; };
		EFE8873A1D9A6BEA00420C8E /* MJMethod.h */ = {isa = PBXFileReference; fileEncoding = 4; lastKnownFileType = sourcecode.c.h; path = MJMethod.h; sourceTree = "<group>"; };
		EFE8873B1D9A6BEA00420C8E /* MJMethod.m */ = {isa = PBXFileReference; fileEncoding = 4; lastKnownFileType = sourcecode.c.objc; path = MJMethod.m; sourceTree = "<group>"; };
		EFE8873C1D9A6BEA00420C8E /* MJType.h */ = {isa = PBXFileReference; fileEncoding = 4; lastKnownFileType = sourcecode.c.h; path = MJType.h; sourceTree = "<group>"; };
		EFE8873D1D9A6BEA00420C8E /* MJType.m */ = {isa = PBXFileReference; fileEncoding = 4; lastKnownFileType = sourcecode.c.objc; path = MJType.m; sourceTree = "<group>"; };
		EFE8873E1D9A6BEA00420C8E /* MJTypeEncoding.h */ = {isa = PBXFileReference; fileEncoding = 4; lastKnownFileType = sourcecode.c.h; path = MJTypeEncoding.h; sourceTree = "<group>"; };
		EFE8873F1D9A6BEA00420C8E /* MJTypeEncoding.m */ = {isa = PBXFileReference; fileEncoding = 4; lastKnownFileType = sourcecode.c.objc; path = MJTypeEncoding.m; sourceTree = "<group>"; };
		EFE887401D9A6BEA00420C8E /* NSObject+MJCoding.h */ = {isa = PBXFileReference; fileEncoding = 4; lastKnownFileType = sourcecode.c.h; path = "NSObject+MJCoding.h"; sourceTree = "<group>"; };
		EFE887411D9A6BEA00420C8E /* NSObject+MJCoding.m */ = {isa = PBXFileReference; fileEncoding = 4; lastKnownFileType = sourcecode.c.objc; path = "NSObject+MJCoding.m"; sourceTree = "<group>"; };
		EFE887421D9A6BEA00420C8E /* NSObject+MJKeyValue.h */ = {isa = PBXFileReference; fileEncoding = 4; lastKnownFileType = sourcecode.c.h; path = "NSObject+MJKeyValue.h"; sourceTree = "<group>"; };
		EFE887431D9A6BEA00420C8E /* NSObject+MJKeyValue.m */ = {isa = PBXFileReference; fileEncoding = 4; lastKnownFileType = sourcecode.c.objc; path = "NSObject+MJKeyValue.m"; sourceTree = "<group>"; };
		EFE887441D9A6BEA00420C8E /* NSObject+MJMember.h */ = {isa = PBXFileReference; fileEncoding = 4; lastKnownFileType = sourcecode.c.h; path = "NSObject+MJMember.h"; sourceTree = "<group>"; };
		EFE887451D9A6BEA00420C8E /* NSObject+MJMember.m */ = {isa = PBXFileReference; fileEncoding = 4; lastKnownFileType = sourcecode.c.objc; path = "NSObject+MJMember.m"; sourceTree = "<group>"; };
		EFE887471D9A6BEA00420C8E /* MKAnnotationView+WebCache.h */ = {isa = PBXFileReference; fileEncoding = 4; lastKnownFileType = sourcecode.c.h; path = "MKAnnotationView+WebCache.h"; sourceTree = "<group>"; };
		EFE887481D9A6BEA00420C8E /* MKAnnotationView+WebCache.m */ = {isa = PBXFileReference; fileEncoding = 4; lastKnownFileType = sourcecode.c.objc; path = "MKAnnotationView+WebCache.m"; sourceTree = "<group>"; };
		EFE887491D9A6BEA00420C8E /* NSData+ImageContentType.h */ = {isa = PBXFileReference; fileEncoding = 4; lastKnownFileType = sourcecode.c.h; path = "NSData+ImageContentType.h"; sourceTree = "<group>"; };
		EFE8874A1D9A6BEA00420C8E /* NSData+ImageContentType.m */ = {isa = PBXFileReference; fileEncoding = 4; lastKnownFileType = sourcecode.c.objc; path = "NSData+ImageContentType.m"; sourceTree = "<group>"; };
		EFE8874B1D9A6BEA00420C8E /* SDImageCache.h */ = {isa = PBXFileReference; fileEncoding = 4; lastKnownFileType = sourcecode.c.h; path = SDImageCache.h; sourceTree = "<group>"; };
		EFE8874C1D9A6BEA00420C8E /* SDImageCache.m */ = {isa = PBXFileReference; fileEncoding = 4; lastKnownFileType = sourcecode.c.objc; path = SDImageCache.m; sourceTree = "<group>"; };
		EFE8874D1D9A6BEA00420C8E /* SDWebImageCompat.h */ = {isa = PBXFileReference; fileEncoding = 4; lastKnownFileType = sourcecode.c.h; path = SDWebImageCompat.h; sourceTree = "<group>"; };
		EFE8874E1D9A6BEA00420C8E /* SDWebImageCompat.m */ = {isa = PBXFileReference; fileEncoding = 4; lastKnownFileType = sourcecode.c.objc; path = SDWebImageCompat.m; sourceTree = "<group>"; };
		EFE8874F1D9A6BEA00420C8E /* SDWebImageDecoder.h */ = {isa = PBXFileReference; fileEncoding = 4; lastKnownFileType = sourcecode.c.h; path = SDWebImageDecoder.h; sourceTree = "<group>"; };
		EFE887501D9A6BEA00420C8E /* SDWebImageDecoder.m */ = {isa = PBXFileReference; fileEncoding = 4; lastKnownFileType = sourcecode.c.objc; path = SDWebImageDecoder.m; sourceTree = "<group>"; };
		EFE887511D9A6BEA00420C8E /* SDWebImageDownloader.h */ = {isa = PBXFileReference; fileEncoding = 4; lastKnownFileType = sourcecode.c.h; path = SDWebImageDownloader.h; sourceTree = "<group>"; };
		EFE887521D9A6BEA00420C8E /* SDWebImageDownloader.m */ = {isa = PBXFileReference; fileEncoding = 4; lastKnownFileType = sourcecode.c.objc; path = SDWebImageDownloader.m; sourceTree = "<group>"; };
		EFE887531D9A6BEA00420C8E /* SDWebImageDownloaderOperation.h */ = {isa = PBXFileReference; fileEncoding = 4; lastKnownFileType = sourcecode.c.h; path = SDWebImageDownloaderOperation.h; sourceTree = "<group>"; };
		EFE887541D9A6BEA00420C8E /* SDWebImageDownloaderOperation.m */ = {isa = PBXFileReference; fileEncoding = 4; lastKnownFileType = sourcecode.c.objc; path = SDWebImageDownloaderOperation.m; sourceTree = "<group>"; };
		EFE887551D9A6BEA00420C8E /* SDWebImageManager.h */ = {isa = PBXFileReference; fileEncoding = 4; lastKnownFileType = sourcecode.c.h; path = SDWebImageManager.h; sourceTree = "<group>"; };
		EFE887561D9A6BEA00420C8E /* SDWebImageManager.m */ = {isa = PBXFileReference; fileEncoding = 4; lastKnownFileType = sourcecode.c.objc; path = SDWebImageManager.m; sourceTree = "<group>"; };
		EFE887571D9A6BEA00420C8E /* SDWebImageOperation.h */ = {isa = PBXFileReference; fileEncoding = 4; lastKnownFileType = sourcecode.c.h; path = SDWebImageOperation.h; sourceTree = "<group>"; };
		EFE887581D9A6BEA00420C8E /* SDWebImagePrefetcher.h */ = {isa = PBXFileReference; fileEncoding = 4; lastKnownFileType = sourcecode.c.h; path = SDWebImagePrefetcher.h; sourceTree = "<group>"; };
		EFE887591D9A6BEA00420C8E /* SDWebImagePrefetcher.m */ = {isa = PBXFileReference; fileEncoding = 4; lastKnownFileType = sourcecode.c.objc; path = SDWebImagePrefetcher.m; sourceTree = "<group>"; };
		EFE8875A1D9A6BEA00420C8E /* UIButton+WebCache.h */ = {isa = PBXFileReference; fileEncoding = 4; lastKnownFileType = sourcecode.c.h; path = "UIButton+WebCache.h"; sourceTree = "<group>"; };
		EFE8875B1D9A6BEA00420C8E /* UIButton+WebCache.m */ = {isa = PBXFileReference; fileEncoding = 4; lastKnownFileType = sourcecode.c.objc; path = "UIButton+WebCache.m"; sourceTree = "<group>"; };
		EFE8875C1D9A6BEA00420C8E /* UIImage+GIF.h */ = {isa = PBXFileReference; fileEncoding = 4; lastKnownFileType = sourcecode.c.h; path = "UIImage+GIF.h"; sourceTree = "<group>"; };
		EFE8875D1D9A6BEA00420C8E /* UIImage+GIF.m */ = {isa = PBXFileReference; fileEncoding = 4; lastKnownFileType = sourcecode.c.objc; path = "UIImage+GIF.m"; sourceTree = "<group>"; };
		EFE8875E1D9A6BEA00420C8E /* UIImage+MultiFormat.h */ = {isa = PBXFileReference; fileEncoding = 4; lastKnownFileType = sourcecode.c.h; path = "UIImage+MultiFormat.h"; sourceTree = "<group>"; };
		EFE8875F1D9A6BEA00420C8E /* UIImage+MultiFormat.m */ = {isa = PBXFileReference; fileEncoding = 4; lastKnownFileType = sourcecode.c.objc; path = "UIImage+MultiFormat.m"; sourceTree = "<group>"; };
		EFE887601D9A6BEA00420C8E /* UIImage+WebP.h */ = {isa = PBXFileReference; fileEncoding = 4; lastKnownFileType = sourcecode.c.h; path = "UIImage+WebP.h"; sourceTree = "<group>"; };
		EFE887611D9A6BEA00420C8E /* UIImage+WebP.m */ = {isa = PBXFileReference; fileEncoding = 4; lastKnownFileType = sourcecode.c.objc; path = "UIImage+WebP.m"; sourceTree = "<group>"; };
		EFE887621D9A6BEA00420C8E /* UIImageView+HighlightedWebCache.h */ = {isa = PBXFileReference; fileEncoding = 4; lastKnownFileType = sourcecode.c.h; path = "UIImageView+HighlightedWebCache.h"; sourceTree = "<group>"; };
		EFE887631D9A6BEA00420C8E /* UIImageView+HighlightedWebCache.m */ = {isa = PBXFileReference; fileEncoding = 4; lastKnownFileType = sourcecode.c.objc; path = "UIImageView+HighlightedWebCache.m"; sourceTree = "<group>"; };
		EFE887641D9A6BEA00420C8E /* UIImageView+WebCache.h */ = {isa = PBXFileReference; fileEncoding = 4; lastKnownFileType = sourcecode.c.h; path = "UIImageView+WebCache.h"; sourceTree = "<group>"; };
		EFE887651D9A6BEA00420C8E /* UIImageView+WebCache.m */ = {isa = PBXFileReference; fileEncoding = 4; lastKnownFileType = sourcecode.c.objc; path = "UIImageView+WebCache.m"; sourceTree = "<group>"; };
		EFE887661D9A6BEA00420C8E /* UIView+WebCacheOperation.h */ = {isa = PBXFileReference; fileEncoding = 4; lastKnownFileType = sourcecode.c.h; path = "UIView+WebCacheOperation.h"; sourceTree = "<group>"; };
		EFE887671D9A6BEA00420C8E /* UIView+WebCacheOperation.m */ = {isa = PBXFileReference; fileEncoding = 4; lastKnownFileType = sourcecode.c.objc; path = "UIView+WebCacheOperation.m"; sourceTree = "<group>"; };
		EFE887831D9A6C8100420C8E /* 1.plist */ = {isa = PBXFileReference; fileEncoding = 4; lastKnownFileType = text.plist.xml; path = 1.plist; sourceTree = "<group>"; };
		EFE887841D9A6C8100420C8E /* 2.plist */ = {isa = PBXFileReference; fileEncoding = 4; lastKnownFileType = text.plist.xml; path = 2.plist; sourceTree = "<group>"; };
		EFE887851D9A6C8100420C8E /* 3.plist */ = {isa = PBXFileReference; fileEncoding = 4; lastKnownFileType = text.plist.xml; path = 3.plist; sourceTree = "<group>"; };
		EFE887891D9A6DB000420C8E /* shopModel.swift */ = {isa = PBXFileReference; fileEncoding = 4; lastKnownFileType = sourcecode.swift; path = shopModel.swift; sourceTree = "<group>"; };
/* End PBXFileReference section */

/* Begin PBXFrameworksBuildPhase section */
		EFE887131D9A6B3500420C8E /* Frameworks */ = {
			isa = PBXFrameworksBuildPhase;
			buildActionMask = 2147483647;
			files = (
			);
			runOnlyForDeploymentPostprocessing = 0;
		};
/* End PBXFrameworksBuildPhase section */

/* Begin PBXGroup section */
		EFE8870D1D9A6B3500420C8E = {
			isa = PBXGroup;
			children = (
				EFE887181D9A6B3500420C8E /* 瀑布流Swift */,
				EFE887171D9A6B3500420C8E /* Products */,
			);
			sourceTree = "<group>";
		};
		EFE887171D9A6B3500420C8E /* Products */ = {
			isa = PBXGroup;
			children = (
				EFE887161D9A6B3500420C8E /* 瀑布流Swift.app */,
			);
			name = Products;
			sourceTree = "<group>";
		};
		EFE887181D9A6B3500420C8E /* 瀑布流Swift */ = {
			isa = PBXGroup;
			children = (
				EFE8872C1D9A6B7300420C8E /* Supporting Files */,
				EFE8872B1D9A6B4B00420C8E /* class */,
				EFE8871B1D9A6B3500420C8E /* ViewController.swift */,
				EFE887191D9A6B3500420C8E /* AppDelegate.swift */,
				EFE8871D1D9A6B3500420C8E /* Main.storyboard */,
				EFE887201D9A6B3500420C8E /* Assets.xcassets */,
				EFE887221D9A6B3500420C8E /* LaunchScreen.storyboard */,
				EFE887251D9A6B3500420C8E /* Info.plist */,
				EFE887891D9A6DB000420C8E /* shopModel.swift */,
			);
			path = "瀑布流Swift";
			sourceTree = "<group>";
		};
		EFE8872B1D9A6B4B00420C8E /* class */ = {
			isa = PBXGroup;
			children = (
				EFE8872D1D9A6BCB00420C8E /* lib */,
			);
			name = class;
			sourceTree = "<group>";
		};
		EFE8872C1D9A6B7300420C8E /* Supporting Files */ = {
			isa = PBXGroup;
			children = (
				EFE887831D9A6C8100420C8E /* 1.plist */,
				EFE887841D9A6C8100420C8E /* 2.plist */,
				EFE887851D9A6C8100420C8E /* 3.plist */,
			);
			name = "Supporting Files";
			sourceTree = "<group>";
		};
		EFE8872D1D9A6BCB00420C8E /* lib */ = {
			isa = PBXGroup;
			children = (
				EFE8872E1D9A6BEA00420C8E /* MJExtension */,
				EFE887461D9A6BEA00420C8E /* SDWebImage */,
			);
			name = lib;
			sourceTree = "<group>";
		};
		EFE8872E1D9A6BEA00420C8E /* MJExtension */ = {
			isa = PBXGroup;
			children = (
				EFE8872F1D9A6BEA00420C8E /* MJArgument.h */,
				EFE887301D9A6BEA00420C8E /* MJArgument.m */,
				EFE887311D9A6BEA00420C8E /* MJConst.h */,
				EFE887321D9A6BEA00420C8E /* MJConst.m */,
				EFE887331D9A6BEA00420C8E /* MJExtension.h */,
				EFE887341D9A6BEA00420C8E /* MJFoundation.h */,
				EFE887351D9A6BEA00420C8E /* MJFoundation.m */,
				EFE887361D9A6BEA00420C8E /* MJIvar.h */,
				EFE887371D9A6BEA00420C8E /* MJIvar.m */,
				EFE887381D9A6BEA00420C8E /* MJMember.h */,
				EFE887391D9A6BEA00420C8E /* MJMember.m */,
				EFE8873A1D9A6BEA00420C8E /* MJMethod.h */,
				EFE8873B1D9A6BEA00420C8E /* MJMethod.m */,
				EFE8873C1D9A6BEA00420C8E /* MJType.h */,
				EFE8873D1D9A6BEA00420C8E /* MJType.m */,
				EFE8873E1D9A6BEA00420C8E /* MJTypeEncoding.h */,
				EFE8873F1D9A6BEA00420C8E /* MJTypeEncoding.m */,
				EFE887401D9A6BEA00420C8E /* NSObject+MJCoding.h */,
				EFE887411D9A6BEA00420C8E /* NSObject+MJCoding.m */,
				EFE887421D9A6BEA00420C8E /* NSObject+MJKeyValue.h */,
				EFE887431D9A6BEA00420C8E /* NSObject+MJKeyValue.m */,
				EFE887441D9A6BEA00420C8E /* NSObject+MJMember.h */,
				EFE887451D9A6BEA00420C8E /* NSObject+MJMember.m */,
			);
			path = MJExtension;
			sourceTree = "<group>";
		};
		EFE887461D9A6BEA00420C8E /* SDWebImage */ = {
			isa = PBXGroup;
			children = (
				EFE887471D9A6BEA00420C8E /* MKAnnotationView+WebCache.h */,
				EFE887481D9A6BEA00420C8E /* MKAnnotationView+WebCache.m */,
				EFE887491D9A6BEA00420C8E /* NSData+ImageContentType.h */,
				EFE8874A1D9A6BEA00420C8E /* NSData+ImageContentType.m */,
				EFE8874B1D9A6BEA00420C8E /* SDImageCache.h */,
				EFE8874C1D9A6BEA00420C8E /* SDImageCache.m */,
				EFE8874D1D9A6BEA00420C8E /* SDWebImageCompat.h */,
				EFE8874E1D9A6BEA00420C8E /* SDWebImageCompat.m */,
				EFE8874F1D9A6BEA00420C8E /* SDWebImageDecoder.h */,
				EFE887501D9A6BEA00420C8E /* SDWebImageDecoder.m */,
				EFE887511D9A6BEA00420C8E /* SDWebImageDownloader.h */,
				EFE887521D9A6BEA00420C8E /* SDWebImageDownloader.m */,
				EFE887531D9A6BEA00420C8E /* SDWebImageDownloaderOperation.h */,
				EFE887541D9A6BEA00420C8E /* SDWebImageDownloaderOperation.m */,
				EFE887551D9A6BEA00420C8E /* SDWebImageManager.h */,
				EFE887561D9A6BEA00420C8E /* SDWebImageManager.m */,
				EFE887571D9A6BEA00420C8E /* SDWebImageOperation.h */,
				EFE887581D9A6BEA00420C8E /* SDWebImagePrefetcher.h */,
				EFE887591D9A6BEA00420C8E /* SDWebImagePrefetcher.m */,
				EFE8875A1D9A6BEA00420C8E /* UIButton+WebCache.h */,
				EFE8875B1D9A6BEA00420C8E /* UIButton+WebCache.m */,
				EFE8875C1D9A6BEA00420C8E /* UIImage+GIF.h */,
				EFE8875D1D9A6BEA00420C8E /* UIImage+GIF.m */,
				EFE8875E1D9A6BEA00420C8E /* UIImage+MultiFormat.h */,
				EFE8875F1D9A6BEA00420C8E /* UIImage+MultiFormat.m */,
				EFE887601D9A6BEA00420C8E /* UIImage+WebP.h */,
				EFE887611D9A6BEA00420C8E /* UIImage+WebP.m */,
				EFE887621D9A6BEA00420C8E /* UIImageView+HighlightedWebCache.h */,
				EFE887631D9A6BEA00420C8E /* UIImageView+HighlightedWebCache.m */,
				EFE887641D9A6BEA00420C8E /* UIImageView+WebCache.h */,
				EFE887651D9A6BEA00420C8E /* UIImageView+WebCache.m */,
				EFE887661D9A6BEA00420C8E /* UIView+WebCacheOperation.h */,
				EFE887671D9A6BEA00420C8E /* UIView+WebCacheOperation.m */,
			);
			path = SDWebImage;
			sourceTree = "<group>";
		};
/* End PBXGroup section */

/* Begin PBXNativeTarget section */
		EFE887151D9A6B3500420C8E /* 瀑布流Swift */ = {
			isa = PBXNativeTarget;
			buildConfigurationList = EFE887281D9A6B3500420C8E /* Build configuration list for PBXNativeTarget "瀑布流Swift" */;
			buildPhases = (
				EFE887121D9A6B3500420C8E /* Sources */,
				EFE887131D9A6B3500420C8E /* Frameworks */,
				EFE887141D9A6B3500420C8E /* Resources */,
			);
			buildRules = (
			);
			dependencies = (
			);
			name = "瀑布流Swift";
			productName = "瀑布流Swift";
			productReference = EFE887161D9A6B3500420C8E /* 瀑布流Swift.app */;
			productType = "com.apple.product-type.application";
		};
/* End PBXNativeTarget section */

/* Begin PBXProject section */
		EFE8870E1D9A6B3500420C8E /* Project object */ = {
			isa = PBXProject;
			attributes = {
				LastSwiftUpdateCheck = 0800;
				LastUpgradeCheck = 0800;
				ORGANIZATIONNAME = andyron;
				TargetAttributes = {
					EFE887151D9A6B3500420C8E = {
						CreatedOnToolsVersion = 8.0;
						DevelopmentTeam = ZHNA975N38;
						ProvisioningStyle = Automatic;
					};
				};
			};
			buildConfigurationList = EFE887111D9A6B3500420C8E /* Build configuration list for PBXProject "瀑布流Swift" */;
			compatibilityVersion = "Xcode 3.2";
			developmentRegion = English;
			hasScannedForEncodings = 0;
			knownRegions = (
				en,
				Base,
			);
			mainGroup = EFE8870D1D9A6B3500420C8E;
			productRefGroup = EFE887171D9A6B3500420C8E /* Products */;
			projectDirPath = "";
			projectRoot = "";
			targets = (
				EFE887151D9A6B3500420C8E /* 瀑布流Swift */,
			);
		};
/* End PBXProject section */

/* Begin PBXResourcesBuildPhase section */
		EFE887141D9A6B3500420C8E /* Resources */ = {
			isa = PBXResourcesBuildPhase;
			buildActionMask = 2147483647;
			files = (
				EFE887881D9A6C8100420C8E /* 3.plist in Resources */,
				EFE887241D9A6B3500420C8E /* LaunchScreen.storyboard in Resources */,
				EFE887871D9A6C8100420C8E /* 2.plist in Resources */,
				EFE887211D9A6B3500420C8E /* Assets.xcassets in Resources */,
				EFE887861D9A6C8100420C8E /* 1.plist in Resources */,
				EFE8871F1D9A6B3500420C8E /* Main.storyboard in Resources */,
			);
			runOnlyForDeploymentPostprocessing = 0;
		};
/* End PBXResourcesBuildPhase section */

/* Begin PBXSourcesBuildPhase section */
		EFE887121D9A6B3500420C8E /* Sources */ = {
			isa = PBXSourcesBuildPhase;
			buildActionMask = 2147483647;
			files = (
				EFE8876B1D9A6BEA00420C8E /* MJIvar.m in Sources */,
				EFE8877F1D9A6BEA00420C8E /* UIImage+WebP.m in Sources */,
				EFE8876E1D9A6BEA00420C8E /* MJType.m in Sources */,
				EFE8871C1D9A6B3500420C8E /* ViewController.swift in Sources */,
				EFE887681D9A6BEA00420C8E /* MJArgument.m in Sources */,
				EFE887711D9A6BEA00420C8E /* NSObject+MJKeyValue.m in Sources */,
				EFE887691D9A6BEA00420C8E /* MJConst.m in Sources */,
				EFE887791D9A6BEA00420C8E /* SDWebImageDownloaderOperation.m in Sources */,
				EFE8876F1D9A6BEA00420C8E /* MJTypeEncoding.m in Sources */,
				EFE887751D9A6BEA00420C8E /* SDImageCache.m in Sources */,
				EFE887701D9A6BEA00420C8E /* NSObject+MJCoding.m in Sources */,
				EFE8876C1D9A6BEA00420C8E /* MJMember.m in Sources */,
				EFE8876D1D9A6BEA00420C8E /* MJMethod.m in Sources */,
				EFE887761D9A6BEA00420C8E /* SDWebImageCompat.m in Sources */,
				EFE887741D9A6BEA00420C8E /* NSData+ImageContentType.m in Sources */,
				EFE8876A1D9A6BEA00420C8E /* MJFoundation.m in Sources */,
				EFE8877A1D9A6BEA00420C8E /* SDWebImageManager.m in Sources */,
				EFE887781D9A6BEA00420C8E /* SDWebImageDownloader.m in Sources */,
				EFE887811D9A6BEA00420C8E /* UIImageView+WebCache.m in Sources */,
				EFE887801D9A6BEA00420C8E /* UIImageView+HighlightedWebCache.m in Sources */,
				EFE887731D9A6BEA00420C8E /* MKAnnotationView+WebCache.m in Sources */,
				EFE8877D1D9A6BEA00420C8E /* UIImage+GIF.m in Sources */,
				EFE8871A1D9A6B3500420C8E /* AppDelegate.swift in Sources */,
				EFE8877B1D9A6BEA00420C8E /* SDWebImagePrefetcher.m in Sources */,
				EFE8877C1D9A6BEA00420C8E /* UIButton+WebCache.m in Sources */,
				EFE8877E1D9A6BEA00420C8E /* UIImage+MultiFormat.m in Sources */,
				EFE887771D9A6BEA00420C8E /* SDWebImageDecoder.m in Sources */,
				EFE8878A1D9A6DB000420C8E /* shopModel.swift in Sources */,
				EFE887821D9A6BEA00420C8E /* UIView+WebCacheOperation.m in Sources */,
				EFE887721D9A6BEA00420C8E /* NSObject+MJMember.m in Sources */,
			);
			runOnlyForDeploymentPostprocessing = 0;
		};
/* End PBXSourcesBuildPhase section */

/* Begin PBXVariantGroup section */
		EFE8871D1D9A6B3500420C8E /* Main.storyboard */ = {
			isa = PBXVariantGroup;
			children = (
				EFE8871E1D9A6B3500420C8E /* Base */,
			);
			name = Main.storyboard;
			sourceTree = "<group>";
		};
		EFE887221D9A6B3500420C8E /* LaunchScreen.storyboard */ = {
			isa = PBXVariantGroup;
			children = (
				EFE887231D9A6B3500420C8E /* Base */,
			);
			name = LaunchScreen.storyboard;
			sourceTree = "<group>";
		};
/* End PBXVariantGroup section */

/* Begin XCBuildConfiguration section */
		EFE887261D9A6B3500420C8E /* Debug */ = {
			isa = XCBuildConfiguration;
			buildSettings = {
				ALWAYS_SEARCH_USER_PATHS = NO;
				CLANG_ANALYZER_NONNULL = YES;
				CLANG_CXX_LANGUAGE_STANDARD = "gnu++0x";
				CLANG_CXX_LIBRARY = "libc++";
				CLANG_ENABLE_MODULES = YES;
				CLANG_ENABLE_OBJC_ARC = YES;
				CLANG_WARN_BOOL_CONVERSION = YES;
				CLANG_WARN_CONSTANT_CONVERSION = YES;
				CLANG_WARN_DIRECT_OBJC_ISA_USAGE = YES_ERROR;
				CLANG_WARN_DOCUMENTATION_COMMENTS = YES;
				CLANG_WARN_EMPTY_BODY = YES;
				CLANG_WARN_ENUM_CONVERSION = YES;
				CLANG_WARN_INFINITE_RECURSION = YES;
				CLANG_WARN_INT_CONVERSION = YES;
				CLANG_WARN_OBJC_ROOT_CLASS = YES_ERROR;
				CLANG_WARN_SUSPICIOUS_MOVES = YES;
				CLANG_WARN_UNREACHABLE_CODE = YES;
				CLANG_WARN__DUPLICATE_METHOD_MATCH = YES;
				"CODE_SIGN_IDENTITY[sdk=iphoneos*]" = "iPhone Developer";
				COPY_PHASE_STRIP = NO;
				DEBUG_INFORMATION_FORMAT = dwarf;
				ENABLE_STRICT_OBJC_MSGSEND = YES;
				ENABLE_TESTABILITY = YES;
				GCC_C_LANGUAGE_STANDARD = gnu99;
				GCC_DYNAMIC_NO_PIC = NO;
				GCC_NO_COMMON_BLOCKS = YES;
				GCC_OPTIMIZATION_LEVEL = 0;
				GCC_PREPROCESSOR_DEFINITIONS = (
					"DEBUG=1",
					"$(inherited)",
				);
				GCC_WARN_64_TO_32_BIT_CONVERSION = YES;
				GCC_WARN_ABOUT_RETURN_TYPE = YES_ERROR;
				GCC_WARN_UNDECLARED_SELECTOR = YES;
				GCC_WARN_UNINITIALIZED_AUTOS = YES_AGGRESSIVE;
				GCC_WARN_UNUSED_FUNCTION = YES;
				GCC_WARN_UNUSED_VARIABLE = YES;
				IPHONEOS_DEPLOYMENT_TARGET = 10.0;
				MTL_ENABLE_DEBUG_INFO = YES;
				ONLY_ACTIVE_ARCH = YES;
				SDKROOT = iphoneos;
				SWIFT_ACTIVE_COMPILATION_CONDITIONS = DEBUG;
				SWIFT_OPTIMIZATION_LEVEL = "-Onone";
				TARGETED_DEVICE_FAMILY = "1,2";
			};
			name = Debug;
		};
		EFE887271D9A6B3500420C8E /* Release */ = {
			isa = XCBuildConfiguration;
			buildSettings = {
				ALWAYS_SEARCH_USER_PATHS = NO;
				CLANG_ANALYZER_NONNULL = YES;
				CLANG_CXX_LANGUAGE_STANDARD = "gnu++0x";
				CLANG_CXX_LIBRARY = "libc++";
				CLANG_ENABLE_MODULES = YES;
				CLANG_ENABLE_OBJC_ARC = YES;
				CLANG_WARN_BOOL_CONVERSION = YES;
				CLANG_WARN_CONSTANT_CONVERSION = YES;
				CLANG_WARN_DIRECT_OBJC_ISA_USAGE = YES_ERROR;
				CLANG_WARN_DOCUMENTATION_COMMENTS = YES;
				CLANG_WARN_EMPTY_BODY = YES;
				CLANG_WARN_ENUM_CONVERSION = YES;
				CLANG_WARN_INFINITE_RECURSION = YES;
				CLANG_WARN_INT_CONVERSION = YES;
				CLANG_WARN_OBJC_ROOT_CLASS = YES_ERROR;
				CLANG_WARN_SUSPICIOUS_MOVES = YES;
				CLANG_WARN_UNREACHABLE_CODE = YES;
				CLANG_WARN__DUPLICATE_METHOD_MATCH = YES;
				"CODE_SIGN_IDENTITY[sdk=iphoneos*]" = "iPhone Developer";
				COPY_PHASE_STRIP = NO;
				DEBUG_INFORMATION_FORMAT = "dwarf-with-dsym";
				ENABLE_NS_ASSERTIONS = NO;
				ENABLE_STRICT_OBJC_MSGSEND = YES;
				GCC_C_LANGUAGE_STANDARD = gnu99;
				GCC_NO_COMMON_BLOCKS = YES;
				GCC_WARN_64_TO_32_BIT_CONVERSION = YES;
				GCC_WARN_ABOUT_RETURN_TYPE = YES_ERROR;
				GCC_WARN_UNDECLARED_SELECTOR = YES;
				GCC_WARN_UNINITIALIZED_AUTOS = YES_AGGRESSIVE;
				GCC_WARN_UNUSED_FUNCTION = YES;
				GCC_WARN_UNUSED_VARIABLE = YES;
				IPHONEOS_DEPLOYMENT_TARGET = 10.0;
				MTL_ENABLE_DEBUG_INFO = NO;
				SDKROOT = iphoneos;
				SWIFT_OPTIMIZATION_LEVEL = "-Owholemodule";
				TARGETED_DEVICE_FAMILY = "1,2";
				VALIDATE_PRODUCT = YES;
			};
			name = Release;
		};
		EFE887291D9A6B3500420C8E /* Debug */ = {
			isa = XCBuildConfiguration;
			buildSettings = {
				ASSETCATALOG_COMPILER_APPICON_NAME = AppIcon;
				DEVELOPMENT_TEAM = ZHNA975N38;
				INFOPLIST_FILE = "瀑布流Swift/Info.plist";
				LD_RUNPATH_SEARCH_PATHS = "$(inherited) @executable_path/Frameworks";
				PRODUCT_BUNDLE_IDENTIFIER = "cn.andyron.---Swift";
				PRODUCT_NAME = "$(TARGET_NAME)";
				SWIFT_VERSION = 3.0;
			};
			name = Debug;
		};
		EFE8872A1D9A6B3500420C8E /* Release */ = {
			isa = XCBuildConfiguration;
			buildSettings = {
				ASSETCATALOG_COMPILER_APPICON_NAME = AppIcon;
				DEVELOPMENT_TEAM = ZHNA975N38;
				INFOPLIST_FILE = "瀑布流Swift/Info.plist";
				LD_RUNPATH_SEARCH_PATHS = "$(inherited) @executable_path/Frameworks";
				PRODUCT_BUNDLE_IDENTIFIER = "cn.andyron.---Swift";
				PRODUCT_NAME = "$(TARGET_NAME)";
				SWIFT_VERSION = 3.0;
			};
			name = Release;
		};
/* End XCBuildConfiguration section */

/* Begin XCConfigurationList section */
		EFE887111D9A6B3500420C8E /* Build configuration list for PBXProject "瀑布流Swift" */ = {
			isa = XCConfigurationList;
			buildConfigurations = (
				EFE887261D9A6B3500420C8E /* Debug */,
				EFE887271D9A6B3500420C8E /* Release */,
			);
			defaultConfigurationIsVisible = 0;
			defaultConfigurationName = Release;
		};
		EFE887281D9A6B3500420C8E /* Build configuration list for PBXNativeTarget "瀑布流Swift" */ = {
			isa = XCConfigurationList;
			buildConfigurations = (
				EFE887291D9A6B3500420C8E /* Debug */,
				EFE8872A1D9A6B3500420C8E /* Release */,
			);
			defaultConfigurationIsVisible = 0;
		};
/* End XCConfigurationList section */
	};
	rootObject = EFE8870E1D9A6B3500420C8E /* Project object */;
}
